// !$*UTF8*$!
{
	archiveVersion = 1;
	classes = {
	};
	objectVersion = 46;
	objects = {

/* Begin PBXBuildFile section */
		8402077A1813DB5200C9A166 /* MRErrorBuilder+Additions.m in Sources */ = {isa = PBXBuildFile; fileRef = 840207791813DB5200C9A166 /* MRErrorBuilder+Additions.m */; };
		8402077D1813DB6C00C9A166 /* NSError+Additions.m in Sources */ = {isa = PBXBuildFile; fileRef = 8402077C1813DB6C00C9A166 /* NSError+Additions.m */; };
		840B600F180371A60090A142 /* MRErrorFormatter+Accounts.m in Sources */ = {isa = PBXBuildFile; fileRef = 840B600E180371A60090A142 /* MRErrorFormatter+Accounts.m */; };
		840B60111803729D0090A142 /* MRErrorFormatter+Admob.m in Sources */ = {isa = PBXBuildFile; fileRef = 840B60101803729D0090A142 /* MRErrorFormatter+Admob.m */; };
		840B60131803732A0090A142 /* MRErrorFormatter+AVFoundation.m in Sources */ = {isa = PBXBuildFile; fileRef = 840B60121803732A0090A142 /* MRErrorFormatter+AVFoundation.m */; };
		840B6015180373D50090A142 /* MRErrorFormatter+CoreData.m in Sources */ = {isa = PBXBuildFile; fileRef = 840B6014180373D50090A142 /* MRErrorFormatter+CoreData.m */; };
		840B60171803748A0090A142 /* MRErrorFormatter+CoreLocation.m in Sources */ = {isa = PBXBuildFile; fileRef = 840B6016180374890090A142 /* MRErrorFormatter+CoreLocation.m */; };
		840B6019180375BD0090A142 /* MRErrorFormatter+FacebookSDK.m in Sources */ = {isa = PBXBuildFile; fileRef = 840B6018180375BC0090A142 /* MRErrorFormatter+FacebookSDK.m */; };
		840B601B1803761E0090A142 /* MRErrorFormatter+HTTP.m in Sources */ = {isa = PBXBuildFile; fileRef = 840B601A1803761E0090A142 /* MRErrorFormatter+HTTP.m */; };
		840B601D180376FF0090A142 /* MRErrorFormatter+iAD.m in Sources */ = {isa = PBXBuildFile; fileRef = 840B601C180376FE0090A142 /* MRErrorFormatter+iAD.m */; };
		840B601F180377540090A142 /* MRErrorFormatter+JSONKit.m in Sources */ = {isa = PBXBuildFile; fileRef = 840B601E180377530090A142 /* MRErrorFormatter+JSONKit.m */; };
		840B60211803785B0090A142 /* MRErrorFormatter+MapKit.m in Sources */ = {isa = PBXBuildFile; fileRef = 840B60201803785A0090A142 /* MRErrorFormatter+MapKit.m */; };
		840B6023180378F90090A142 /* MRErrorFormatter+MessageUI.m in Sources */ = {isa = PBXBuildFile; fileRef = 840B6022180378F90090A142 /* MRErrorFormatter+MessageUI.m */; };
		840B6025180379750090A142 /* MRErrorFormatter+Security.m in Sources */ = {isa = PBXBuildFile; fileRef = 840B6024180379750090A142 /* MRErrorFormatter+Security.m */; };
		840B6027180379EE0090A142 /* MRErrorFormatter+StoreKit.m in Sources */ = {isa = PBXBuildFile; fileRef = 840B6026180379ED0090A142 /* MRErrorFormatter+StoreKit.m */; };
		840B602918037A360090A142 /* MRErrorFormatter+TransitionKit.m in Sources */ = {isa = PBXBuildFile; fileRef = 840B602818037A360090A142 /* MRErrorFormatter+TransitionKit.m */; };
		840B602B18037AF20090A142 /* MRErrorFormatter+VeriJSON.m in Sources */ = {isa = PBXBuildFile; fileRef = 840B602A18037AF10090A142 /* MRErrorFormatter+VeriJSON.m */; };
		841438CE1802160F00EF0704 /* MRAbstractRecoveryAttempter.m in Sources */ = {isa = PBXBuildFile; fileRef = 841438C01802160900EF0704 /* MRAbstractRecoveryAttempter.m */; };
		841438CF1802160F00EF0704 /* MRBlockRecoveryAttempter.m in Sources */ = {isa = PBXBuildFile; fileRef = 841438C21802160A00EF0704 /* MRBlockRecoveryAttempter.m */; };
		841438D01802160F00EF0704 /* MRChainedRecoveryAttempter.m in Sources */ = {isa = PBXBuildFile; fileRef = 841438C41802160B00EF0704 /* MRChainedRecoveryAttempter.m */; };
		841438D11802160F00EF0704 /* MRErrorBuilder.m in Sources */ = {isa = PBXBuildFile; fileRef = 841438C61802160C00EF0704 /* MRErrorBuilder.m */; };
		841438D21802160F00EF0704 /* MRErrorFormatter.m in Sources */ = {isa = PBXBuildFile; fileRef = 841438C81802160E00EF0704 /* MRErrorFormatter.m */; };
		841438D31802160F00EF0704 /* MRErrorFormatter+ErrorCode.m in Sources */ = {isa = PBXBuildFile; fileRef = 841438CA1802160E00EF0704 /* MRErrorFormatter+ErrorCode.m */; };
		841438D41802160F00EF0704 /* NSError+ErrorKit.m in Sources */ = {isa = PBXBuildFile; fileRef = 841438CC1802160F00EF0704 /* NSError+ErrorKit.m */; };
		84220DD817FE02400009C919 /* NSError+AFNetworking.m in Sources */ = {isa = PBXBuildFile; fileRef = 84220DD717FE02400009C919 /* NSError+AFNetworking.m */; };
		84220DDA17FE04180009C919 /* NSError+AVFoundation.m in Sources */ = {isa = PBXBuildFile; fileRef = 84220DD917FE04170009C919 /* NSError+AVFoundation.m */; };
		84220DDC17FE04B50009C919 /* NSError+CoreData.m in Sources */ = {isa = PBXBuildFile; fileRef = 84220DDB17FE04B50009C919 /* NSError+CoreData.m */; };
		84220DDE17FE05880009C919 /* NSError+FacebookSDK.m in Sources */ = {isa = PBXBuildFile; fileRef = 84220DDD17FE05880009C919 /* NSError+FacebookSDK.m */; };
		84220DE017FE06F60009C919 /* NSError+JSONKit.m in Sources */ = {isa = PBXBuildFile; fileRef = 84220DDF17FE06F60009C919 /* NSError+JSONKit.m */; };
		84220DE217FE09100009C919 /* NSError+HTTP.m in Sources */ = {isa = PBXBuildFile; fileRef = 84220DE117FE09100009C919 /* NSError+HTTP.m */; };
		84220DE417FE0AEF0009C919 /* UIResponder+FacebookSDK.m in Sources */ = {isa = PBXBuildFile; fileRef = 84220DE317FE0AEE0009C919 /* UIResponder+FacebookSDK.m */; };
		84220DE917FE1DE50009C919 /* MRErrorBuilder+NSException.m in Sources */ = {isa = PBXBuildFile; fileRef = 84220DE617FE1DE50009C919 /* MRErrorBuilder+NSException.m */; };
		84220DEA17FE1DE50009C919 /* MRErrorFormatter+NSException.m in Sources */ = {isa = PBXBuildFile; fileRef = 84220DE817FE1DE50009C919 /* MRErrorFormatter+NSException.m */; };
		84220DEC17FE22610009C919 /* MRErrorBuilder+AFNetworking.m in Sources */ = {isa = PBXBuildFile; fileRef = 84220DEB17FE22600009C919 /* MRErrorBuilder+AFNetworking.m */; };
		84220DEE17FE23410009C919 /* MRErrorBuilder+AVFoundation.m in Sources */ = {isa = PBXBuildFile; fileRef = 84220DED17FE23410009C919 /* MRErrorBuilder+AVFoundation.m */; };
		84220DF017FE23E60009C919 /* MRErrorBuilder+CoreData.m in Sources */ = {isa = PBXBuildFile; fileRef = 84220DEF17FE23E50009C919 /* MRErrorBuilder+CoreData.m */; };
		84220DF217FE246A0009C919 /* MRErrorBuilder+FacebookSDK.m in Sources */ = {isa = PBXBuildFile; fileRef = 84220DF117FE246A0009C919 /* MRErrorBuilder+FacebookSDK.m */; };
		84220DF417FE24FD0009C919 /* MRErrorBuilder+HTTP.m in Sources */ = {isa = PBXBuildFile; fileRef = 84220DF317FE24FD0009C919 /* MRErrorBuilder+HTTP.m */; };
		84220DF617FE277F0009C919 /* MRErrorBuilder+JSONKit.m in Sources */ = {isa = PBXBuildFile; fileRef = 84220DF517FE277F0009C919 /* MRErrorBuilder+JSONKit.m */; };
		84220DF917FE2EA40009C919 /* UIApplication+ErrorKit.m in Sources */ = {isa = PBXBuildFile; fileRef = 84220DF817FE2EA30009C919 /* UIApplication+ErrorKit.m */; };
		84220DFF17FE30DC0009C919 /* UIApplication+FacebookSDK.m in Sources */ = {isa = PBXBuildFile; fileRef = 84220DFE17FE30DC0009C919 /* UIApplication+FacebookSDK.m */; };
		845990F417FA4F65008ADCD2 /* MRErrorFormatter+JSONValues.m in Sources */ = {isa = PBXBuildFile; fileRef = 845990EB17FA4F65008ADCD2 /* MRErrorFormatter+JSONValues.m */; };
		845990F517FA4F65008ADCD2 /* NSArray+JSONValues.m in Sources */ = {isa = PBXBuildFile; fileRef = 845990ED17FA4F65008ADCD2 /* NSArray+JSONValues.m */; };
		845990F617FA4F65008ADCD2 /* NSDictionary+JSONValues.m in Sources */ = {isa = PBXBuildFile; fileRef = 845990EF17FA4F65008ADCD2 /* NSDictionary+JSONValues.m */; };
		845990F717FA4F65008ADCD2 /* NSMutableArray+JSONValues.m in Sources */ = {isa = PBXBuildFile; fileRef = 845990F117FA4F65008ADCD2 /* NSMutableArray+JSONValues.m */; };
		845990F817FA4F65008ADCD2 /* NSMutableDictionary+JSONValues.m in Sources */ = {isa = PBXBuildFile; fileRef = 845990F317FA4F65008ADCD2 /* NSMutableDictionary+JSONValues.m */; };
		845F6DD5181B0B1300D33BDC /* NSJSONSerialization+JSONValues.m in Sources */ = {isa = PBXBuildFile; fileRef = 845F6DD4181B0B1300D33BDC /* NSJSONSerialization+JSONValues.m */; };
		84AF451F181D836E00EFC96A /* MRErrorBuilder+Parse.m in Sources */ = {isa = PBXBuildFile; fileRef = 84AF451A181D836E00EFC96A /* MRErrorBuilder+Parse.m */; };
		84AF4520181D836E00EFC96A /* MRErrorFormatter+Parse.m in Sources */ = {isa = PBXBuildFile; fileRef = 84AF451C181D836E00EFC96A /* MRErrorFormatter+Parse.m */; };
		84AF4521181D836E00EFC96A /* NSError+Parse.m in Sources */ = {isa = PBXBuildFile; fileRef = 84AF451E181D836E00EFC96A /* NSError+Parse.m */; };
		84C7473C17F8E056007DF279 /* MRAlertRecoveryAttempter.m in Sources */ = {isa = PBXBuildFile; fileRef = 84C7473717F8E056007DF279 /* MRAlertRecoveryAttempter.m */; };
		84C7473D17F8E056007DF279 /* UIAlertView+ErrorKit.m in Sources */ = {isa = PBXBuildFile; fileRef = 84C7473917F8E056007DF279 /* UIAlertView+ErrorKit.m */; };
		84C7473E17F8E056007DF279 /* UIResponder+ErrorKit.m in Sources */ = {isa = PBXBuildFile; fileRef = 84C7473B17F8E056007DF279 /* UIResponder+ErrorKit.m */; };
		84DB843116C802F3000BF23E /* UIKit.framework in Frameworks */ = {isa = PBXBuildFile; fileRef = 84DB843016C802F3000BF23E /* UIKit.framework */; };
		84DB843316C802F3000BF23E /* Foundation.framework in Frameworks */ = {isa = PBXBuildFile; fileRef = 84DB843216C802F3000BF23E /* Foundation.framework */; };
		84DB843B16C802F3000BF23E /* InfoPlist.strings in Resources */ = {isa = PBXBuildFile; fileRef = 84DB843916C802F3000BF23E /* InfoPlist.strings */; };
		84DB843D16C802F3000BF23E /* main.m in Sources */ = {isa = PBXBuildFile; fileRef = 84DB843C16C802F3000BF23E /* main.m */; };
		84DB844116C802F4000BF23E /* MRAppDelegate.m in Sources */ = {isa = PBXBuildFile; fileRef = 84DB844016C802F4000BF23E /* MRAppDelegate.m */; };
		84DB844316C802F4000BF23E /* Default.png in Resources */ = {isa = PBXBuildFile; fileRef = 84DB844216C802F4000BF23E /* Default.png */; };
		84DB844516C802F4000BF23E /* Default@2x.png in Resources */ = {isa = PBXBuildFile; fileRef = 84DB844416C802F4000BF23E /* Default@2x.png */; };
		84DB844716C802F4000BF23E /* Default-568h@2x.png in Resources */ = {isa = PBXBuildFile; fileRef = 84DB844616C802F4000BF23E /* Default-568h@2x.png */; };
		84DB844A16C802F4000BF23E /* MRViewController.m in Sources */ = {isa = PBXBuildFile; fileRef = 84DB844916C802F4000BF23E /* MRViewController.m */; };
		84DB845516C80380000BF23E /* MRViewController.xib in Resources */ = {isa = PBXBuildFile; fileRef = 84DB845316C80380000BF23E /* MRViewController.xib */; };
		84DB845616C80380000BF23E /* ErrorKitExample-Application.xib in Resources */ = {isa = PBXBuildFile; fileRef = 84DB845416C80380000BF23E /* ErrorKitExample-Application.xib */; };
		84FA2665170FB483008A9DAA /* ErrorKit.strings in Resources */ = {isa = PBXBuildFile; fileRef = 84FA2663170FB483008A9DAA /* ErrorKit.strings */; };
/* End PBXBuildFile section */

/* Begin PBXFileReference section */
		840207781813DB5200C9A166 /* MRErrorBuilder+Additions.h */ = {isa = PBXFileReference; fileEncoding = 4; lastKnownFileType = sourcecode.c.h; name = "MRErrorBuilder+Additions.h"; path = "../../ErrorKit/Additions/MRErrorBuilder+Additions.h"; sourceTree = "<group>"; };
		840207791813DB5200C9A166 /* MRErrorBuilder+Additions.m */ = {isa = PBXFileReference; fileEncoding = 4; lastKnownFileType = sourcecode.c.objc; name = "MRErrorBuilder+Additions.m"; path = "../../ErrorKit/Additions/MRErrorBuilder+Additions.m"; sourceTree = "<group>"; };
		8402077B1813DB6C00C9A166 /* NSError+Additions.h */ = {isa = PBXFileReference; fileEncoding = 4; lastKnownFileType = sourcecode.c.h; name = "NSError+Additions.h"; path = "../../ErrorKit/Additions/NSError+Additions.h"; sourceTree = "<group>"; };
		8402077C1813DB6C00C9A166 /* NSError+Additions.m */ = {isa = PBXFileReference; fileEncoding = 4; lastKnownFileType = sourcecode.c.objc; name = "NSError+Additions.m"; path = "../../ErrorKit/Additions/NSError+Additions.m"; sourceTree = "<group>"; };
		8402077E1813DC1900C9A166 /* ErrorKit_Additions.h */ = {isa = PBXFileReference; fileEncoding = 4; lastKnownFileType = sourcecode.c.h; name = ErrorKit_Additions.h; path = ../../ErrorKit/Additions/ErrorKit_Additions.h; sourceTree = "<group>"; };
		84040EF6173826EF00548BE6 /* NSError+HTTP.h */ = {isa = PBXFileReference; lastKnownFileType = sourcecode.c.h; name = "NSError+HTTP.h"; path = "../../ErrorKit/HTTP/NSError+HTTP.h"; sourceTree = "<group>"; };
		840B600E180371A60090A142 /* MRErrorFormatter+Accounts.m */ = {isa = PBXFileReference; fileEncoding = 4; lastKnownFileType = sourcecode.c.objc; name = "MRErrorFormatter+Accounts.m"; path = "../../ErrorKit/Accounts/MRErrorFormatter+Accounts.m"; sourceTree = "<group>"; };
		840B60101803729D0090A142 /* MRErrorFormatter+Admob.m */ = {isa = PBXFileReference; fileEncoding = 4; lastKnownFileType = sourcecode.c.objc; name = "MRErrorFormatter+Admob.m"; path = "../../ErrorKit/Admob/MRErrorFormatter+Admob.m"; sourceTree = "<group>"; };
		840B60121803732A0090A142 /* MRErrorFormatter+AVFoundation.m */ = {isa = PBXFileReference; fileEncoding = 4; lastKnownFileType = sourcecode.c.objc; name = "MRErrorFormatter+AVFoundation.m"; path = "../../ErrorKit/AVFoundation/MRErrorFormatter+AVFoundation.m"; sourceTree = "<group>"; };
		840B6014180373D50090A142 /* MRErrorFormatter+CoreData.m */ = {isa = PBXFileReference; fileEncoding = 4; lastKnownFileType = sourcecode.c.objc; name = "MRErrorFormatter+CoreData.m"; path = "../../ErrorKit/CoreData/MRErrorFormatter+CoreData.m"; sourceTree = "<group>"; };
		840B6016180374890090A142 /* MRErrorFormatter+CoreLocation.m */ = {isa = PBXFileReference; fileEncoding = 4; lastKnownFileType = sourcecode.c.objc; name = "MRErrorFormatter+CoreLocation.m"; path = "../../ErrorKit/CoreLocation/MRErrorFormatter+CoreLocation.m"; sourceTree = "<group>"; };
		840B6018180375BC0090A142 /* MRErrorFormatter+FacebookSDK.m */ = {isa = PBXFileReference; fileEncoding = 4; lastKnownFileType = sourcecode.c.objc; name = "MRErrorFormatter+FacebookSDK.m"; path = "../../ErrorKit/FacebookSDK/MRErrorFormatter+FacebookSDK.m"; sourceTree = "<group>"; };
		840B601A1803761E0090A142 /* MRErrorFormatter+HTTP.m */ = {isa = PBXFileReference; fileEncoding = 4; lastKnownFileType = sourcecode.c.objc; name = "MRErrorFormatter+HTTP.m"; path = "../../ErrorKit/HTTP/MRErrorFormatter+HTTP.m"; sourceTree = "<group>"; };
		840B601C180376FE0090A142 /* MRErrorFormatter+iAD.m */ = {isa = PBXFileReference; fileEncoding = 4; lastKnownFileType = sourcecode.c.objc; name = "MRErrorFormatter+iAD.m"; path = "../../ErrorKit/iAD/MRErrorFormatter+iAD.m"; sourceTree = "<group>"; };
		840B601E180377530090A142 /* MRErrorFormatter+JSONKit.m */ = {isa = PBXFileReference; fileEncoding = 4; lastKnownFileType = sourcecode.c.objc; name = "MRErrorFormatter+JSONKit.m"; path = "../../ErrorKit/JSONKit/MRErrorFormatter+JSONKit.m"; sourceTree = "<group>"; };
		840B60201803785A0090A142 /* MRErrorFormatter+MapKit.m */ = {isa = PBXFileReference; fileEncoding = 4; lastKnownFileType = sourcecode.c.objc; name = "MRErrorFormatter+MapKit.m"; path = "../../ErrorKit/MapKit/MRErrorFormatter+MapKit.m"; sourceTree = "<group>"; };
		840B6022180378F90090A142 /* MRErrorFormatter+MessageUI.m */ = {isa = PBXFileReference; fileEncoding = 4; lastKnownFileType = sourcecode.c.objc; name = "MRErrorFormatter+MessageUI.m"; path = "../../ErrorKit/MessageUI/MRErrorFormatter+MessageUI.m"; sourceTree = "<group>"; };
		840B6024180379750090A142 /* MRErrorFormatter+Security.m */ = {isa = PBXFileReference; fileEncoding = 4; lastKnownFileType = sourcecode.c.objc; name = "MRErrorFormatter+Security.m"; path = "../../ErrorKit/Security/MRErrorFormatter+Security.m"; sourceTree = "<group>"; };
		840B6026180379ED0090A142 /* MRErrorFormatter+StoreKit.m */ = {isa = PBXFileReference; fileEncoding = 4; lastKnownFileType = sourcecode.c.objc; name = "MRErrorFormatter+StoreKit.m"; path = "../../ErrorKit/StoreKit/MRErrorFormatter+StoreKit.m"; sourceTree = "<group>"; };
		840B602818037A360090A142 /* MRErrorFormatter+TransitionKit.m */ = {isa = PBXFileReference; fileEncoding = 4; lastKnownFileType = sourcecode.c.objc; name = "MRErrorFormatter+TransitionKit.m"; path = "../../ErrorKit/TransitionKit/MRErrorFormatter+TransitionKit.m"; sourceTree = "<group>"; };
		840B602A18037AF10090A142 /* MRErrorFormatter+VeriJSON.m */ = {isa = PBXFileReference; fileEncoding = 4; lastKnownFileType = sourcecode.c.objc; name = "MRErrorFormatter+VeriJSON.m"; path = "../../ErrorKit/VeriJSON/MRErrorFormatter+VeriJSON.m"; sourceTree = "<group>"; };
		841438BF1802160900EF0704 /* MRAbstractRecoveryAttempter.h */ = {isa = PBXFileReference; fileEncoding = 4; lastKnownFileType = sourcecode.c.h; name = MRAbstractRecoveryAttempter.h; path = ../../ErrorKit/Core/MRAbstractRecoveryAttempter.h; sourceTree = "<group>"; };
		841438C01802160900EF0704 /* MRAbstractRecoveryAttempter.m */ = {isa = PBXFileReference; fileEncoding = 4; lastKnownFileType = sourcecode.c.objc; name = MRAbstractRecoveryAttempter.m; path = ../../ErrorKit/Core/MRAbstractRecoveryAttempter.m; sourceTree = "<group>"; };
		841438C11802160A00EF0704 /* MRBlockRecoveryAttempter.h */ = {isa = PBXFileReference; fileEncoding = 4; lastKnownFileType = sourcecode.c.h; name = MRBlockRecoveryAttempter.h; path = ../../ErrorKit/Core/MRBlockRecoveryAttempter.h; sourceTree = "<group>"; };
		841438C21802160A00EF0704 /* MRBlockRecoveryAttempter.m */ = {isa = PBXFileReference; fileEncoding = 4; lastKnownFileType = sourcecode.c.objc; name = MRBlockRecoveryAttempter.m; path = ../../ErrorKit/Core/MRBlockRecoveryAttempter.m; sourceTree = "<group>"; };
		841438C31802160B00EF0704 /* MRChainedRecoveryAttempter.h */ = {isa = PBXFileReference; fileEncoding = 4; lastKnownFileType = sourcecode.c.h; name = MRChainedRecoveryAttempter.h; path = ../../ErrorKit/Core/MRChainedRecoveryAttempter.h; sourceTree = "<group>"; };
		841438C41802160B00EF0704 /* MRChainedRecoveryAttempter.m */ = {isa = PBXFileReference; fileEncoding = 4; lastKnownFileType = sourcecode.c.objc; name = MRChainedRecoveryAttempter.m; path = ../../ErrorKit/Core/MRChainedRecoveryAttempter.m; sourceTree = "<group>"; };
		841438C51802160C00EF0704 /* MRErrorBuilder.h */ = {isa = PBXFileReference; fileEncoding = 4; lastKnownFileType = sourcecode.c.h; name = MRErrorBuilder.h; path = ../../ErrorKit/Core/MRErrorBuilder.h; sourceTree = "<group>"; };
		841438C61802160C00EF0704 /* MRErrorBuilder.m */ = {isa = PBXFileReference; fileEncoding = 4; lastKnownFileType = sourcecode.c.objc; name = MRErrorBuilder.m; path = ../../ErrorKit/Core/MRErrorBuilder.m; sourceTree = "<group>"; };
		841438C71802160C00EF0704 /* MRErrorFormatter.h */ = {isa = PBXFileReference; fileEncoding = 4; lastKnownFileType = sourcecode.c.h; name = MRErrorFormatter.h; path = ../../ErrorKit/Core/MRErrorFormatter.h; sourceTree = "<group>"; };
		841438C81802160E00EF0704 /* MRErrorFormatter.m */ = {isa = PBXFileReference; fileEncoding = 4; lastKnownFileType = sourcecode.c.objc; name = MRErrorFormatter.m; path = ../../ErrorKit/Core/MRErrorFormatter.m; sourceTree = "<group>"; };
		841438C91802160E00EF0704 /* MRErrorFormatter+ErrorCode.h */ = {isa = PBXFileReference; fileEncoding = 4; lastKnownFileType = sourcecode.c.h; name = "MRErrorFormatter+ErrorCode.h"; path = "../../ErrorKit/Core/MRErrorFormatter+ErrorCode.h"; sourceTree = "<group>"; };
		841438CA1802160E00EF0704 /* MRErrorFormatter+ErrorCode.m */ = {isa = PBXFileReference; fileEncoding = 4; lastKnownFileType = sourcecode.c.objc; name = "MRErrorFormatter+ErrorCode.m"; path = "../../ErrorKit/Core/MRErrorFormatter+ErrorCode.m"; sourceTree = "<group>"; };
		841438CB1802160F00EF0704 /* NSError+ErrorKit.h */ = {isa = PBXFileReference; fileEncoding = 4; lastKnownFileType = sourcecode.c.h; name = "NSError+ErrorKit.h"; path = "../../ErrorKit/Core/NSError+ErrorKit.h"; sourceTree = "<group>"; };
		841438CC1802160F00EF0704 /* NSError+ErrorKit.m */ = {isa = PBXFileReference; fileEncoding = 4; lastKnownFileType = sourcecode.c.objc; name = "NSError+ErrorKit.m"; path = "../../ErrorKit/Core/NSError+ErrorKit.m"; sourceTree = "<group>"; };
		841438D51802170B00EF0704 /* ErrorKit_Core.h */ = {isa = PBXFileReference; fileEncoding = 4; lastKnownFileType = sourcecode.c.h; name = ErrorKit_Core.h; path = ../../ErrorKit/Core/ErrorKit_Core.h; sourceTree = "<group>"; };
		841438D6180218DA00EF0704 /* ErrorKit_Default.h */ = {isa = PBXFileReference; fileEncoding = 4; lastKnownFileType = sourcecode.c.h; name = ErrorKit_Default.h; path = ../../ErrorKit/Default/ErrorKit_Default.h; sourceTree = "<group>"; };
		841438D718021B4300EF0704 /* ErrorKitImports.h */ = {isa = PBXFileReference; fileEncoding = 4; lastKnownFileType = sourcecode.c.h; name = ErrorKitImports.h; path = ../../ErrorKit/Core/ErrorKitImports.h; sourceTree = "<group>"; };
		8419D1F2171B539500143B54 /* ErrorKitDefines.h */ = {isa = PBXFileReference; lastKnownFileType = sourcecode.c.h; name = ErrorKitDefines.h; path = ../../ErrorKit/ErrorKitDefines.h; sourceTree = "<group>"; };
		841A09CB17FF93CF00DC3848 /* ErrorKit_Accounts.h */ = {isa = PBXFileReference; fileEncoding = 4; lastKnownFileType = sourcecode.c.h; name = ErrorKit_Accounts.h; path = ../../ErrorKit/Accounts/ErrorKit_Accounts.h; sourceTree = "<group>"; };
		841A09CC17FF952800DC3848 /* ErrorKit_Admob.h */ = {isa = PBXFileReference; fileEncoding = 4; lastKnownFileType = sourcecode.c.h; name = ErrorKit_Admob.h; path = ../../ErrorKit/Admob/ErrorKit_Admob.h; sourceTree = "<group>"; };
		841A09CD17FF952800DC3848 /* ErrorKit_AFNetworking.h */ = {isa = PBXFileReference; fileEncoding = 4; lastKnownFileType = sourcecode.c.h; name = ErrorKit_AFNetworking.h; path = ../../ErrorKit/AFNetworking/ErrorKit_AFNetworking.h; sourceTree = "<group>"; };
		841A09CE17FF952800DC3848 /* ErrorKit_AVFoundation.h */ = {isa = PBXFileReference; fileEncoding = 4; lastKnownFileType = sourcecode.c.h; name = ErrorKit_AVFoundation.h; path = ../../ErrorKit/AVFoundation/ErrorKit_AVFoundation.h; sourceTree = "<group>"; };
		841A09CF17FF96E300DC3848 /* ErrorKit_CoreData.h */ = {isa = PBXFileReference; fileEncoding = 4; lastKnownFileType = sourcecode.c.h; name = ErrorKit_CoreData.h; path = ../../ErrorKit/CoreData/ErrorKit_CoreData.h; sourceTree = "<group>"; };
		841A09D017FF96E300DC3848 /* ErrorKit_CoreLocation.h */ = {isa = PBXFileReference; fileEncoding = 4; lastKnownFileType = sourcecode.c.h; name = ErrorKit_CoreLocation.h; path = ../../ErrorKit/CoreLocation/ErrorKit_CoreLocation.h; sourceTree = "<group>"; };
		841A09D217FF980C00DC3848 /* ErrorKit_FacebookSDK.h */ = {isa = PBXFileReference; fileEncoding = 4; lastKnownFileType = sourcecode.c.h; name = ErrorKit_FacebookSDK.h; path = ../../ErrorKit/FacebookSDK/ErrorKit_FacebookSDK.h; sourceTree = "<group>"; };
		841A09D317FF980C00DC3848 /* ErrorKit_HTTP.h */ = {isa = PBXFileReference; fileEncoding = 4; lastKnownFileType = sourcecode.c.h; name = ErrorKit_HTTP.h; path = ../../ErrorKit/HTTP/ErrorKit_HTTP.h; sourceTree = "<group>"; };
		841A09D417FF998E00DC3848 /* ErrorKit_iAD.h */ = {isa = PBXFileReference; fileEncoding = 4; lastKnownFileType = sourcecode.c.h; name = ErrorKit_iAD.h; path = ../../ErrorKit/iAD/ErrorKit_iAD.h; sourceTree = "<group>"; };
		841A09D517FF998E00DC3848 /* ErrorKit_JSONKit.h */ = {isa = PBXFileReference; fileEncoding = 4; lastKnownFileType = sourcecode.c.h; name = ErrorKit_JSONKit.h; path = ../../ErrorKit/JSONKit/ErrorKit_JSONKit.h; sourceTree = "<group>"; };
		841A09D617FF998E00DC3848 /* ErrorKit_JSONValues.h */ = {isa = PBXFileReference; fileEncoding = 4; lastKnownFileType = sourcecode.c.h; name = ErrorKit_JSONValues.h; path = ../../ErrorKit/JSONValues/ErrorKit_JSONValues.h; sourceTree = "<group>"; };
		841A09D717FF998E00DC3848 /* ErrorKit_MapKit.h */ = {isa = PBXFileReference; fileEncoding = 4; lastKnownFileType = sourcecode.c.h; name = ErrorKit_MapKit.h; path = ../../ErrorKit/MapKit/ErrorKit_MapKit.h; sourceTree = "<group>"; };
		841A09D817FF998E00DC3848 /* ErrorKit_MessageUI.h */ = {isa = PBXFileReference; fileEncoding = 4; lastKnownFileType = sourcecode.c.h; name = ErrorKit_MessageUI.h; path = ../../ErrorKit/MessageUI/ErrorKit_MessageUI.h; sourceTree = "<group>"; };
		841A09D917FF9A4C00DC3848 /* ErrorKit_NSException.h */ = {isa = PBXFileReference; fileEncoding = 4; lastKnownFileType = sourcecode.c.h; name = ErrorKit_NSException.h; path = ../../ErrorKit/NSException/ErrorKit_NSException.h; sourceTree = "<group>"; };
		841A09DA17FF9C3200DC3848 /* ErrorKit_Security.h */ = {isa = PBXFileReference; fileEncoding = 4; lastKnownFileType = sourcecode.c.h; name = ErrorKit_Security.h; path = ../../ErrorKit/Security/ErrorKit_Security.h; sourceTree = "<group>"; };
		841A09DB17FF9C3200DC3848 /* ErrorKit_StoreKit.h */ = {isa = PBXFileReference; fileEncoding = 4; lastKnownFileType = sourcecode.c.h; name = ErrorKit_StoreKit.h; path = ../../ErrorKit/StoreKit/ErrorKit_StoreKit.h; sourceTree = "<group>"; };
		841A09DC17FF9C3200DC3848 /* ErrorKit_TransitionKit.h */ = {isa = PBXFileReference; fileEncoding = 4; lastKnownFileType = sourcecode.c.h; name = ErrorKit_TransitionKit.h; path = ../../ErrorKit/TransitionKit/ErrorKit_TransitionKit.h; sourceTree = "<group>"; };
		841A09DD17FF9C3200DC3848 /* ErrorKit_UIKit.h */ = {isa = PBXFileReference; fileEncoding = 4; lastKnownFileType = sourcecode.c.h; name = ErrorKit_UIKit.h; path = ../../ErrorKit/UIKit/ErrorKit_UIKit.h; sourceTree = "<group>"; };
		841A09DE17FF9C3300DC3848 /* ErrorKit_VeriJSON.h */ = {isa = PBXFileReference; fileEncoding = 4; lastKnownFileType = sourcecode.c.h; name = ErrorKit_VeriJSON.h; path = ../../ErrorKit/VeriJSON/ErrorKit_VeriJSON.h; sourceTree = "<group>"; };
		84220DD717FE02400009C919 /* NSError+AFNetworking.m */ = {isa = PBXFileReference; fileEncoding = 4; lastKnownFileType = sourcecode.c.objc; name = "NSError+AFNetworking.m"; path = "../../ErrorKit/AFNetworking/NSError+AFNetworking.m"; sourceTree = "<group>"; };
		84220DD917FE04170009C919 /* NSError+AVFoundation.m */ = {isa = PBXFileReference; fileEncoding = 4; lastKnownFileType = sourcecode.c.objc; name = "NSError+AVFoundation.m"; path = "../../ErrorKit/AVFoundation/NSError+AVFoundation.m"; sourceTree = "<group>"; };
		84220DDB17FE04B50009C919 /* NSError+CoreData.m */ = {isa = PBXFileReference; fileEncoding = 4; lastKnownFileType = sourcecode.c.objc; name = "NSError+CoreData.m"; path = "../../ErrorKit/CoreData/NSError+CoreData.m"; sourceTree = "<group>"; };
		84220DDD17FE05880009C919 /* NSError+FacebookSDK.m */ = {isa = PBXFileReference; fileEncoding = 4; lastKnownFileType = sourcecode.c.objc; name = "NSError+FacebookSDK.m"; path = "../../ErrorKit/FacebookSDK/NSError+FacebookSDK.m"; sourceTree = "<group>"; };
		84220DDF17FE06F60009C919 /* NSError+JSONKit.m */ = {isa = PBXFileReference; fileEncoding = 4; lastKnownFileType = sourcecode.c.objc; name = "NSError+JSONKit.m"; path = "../../ErrorKit/JSONKit/NSError+JSONKit.m"; sourceTree = "<group>"; };
		84220DE117FE09100009C919 /* NSError+HTTP.m */ = {isa = PBXFileReference; fileEncoding = 4; lastKnownFileType = sourcecode.c.objc; name = "NSError+HTTP.m"; path = "../../ErrorKit/HTTP/NSError+HTTP.m"; sourceTree = "<group>"; };
		84220DE317FE0AEE0009C919 /* UIResponder+FacebookSDK.m */ = {isa = PBXFileReference; fileEncoding = 4; lastKnownFileType = sourcecode.c.objc; name = "UIResponder+FacebookSDK.m"; path = "../../ErrorKit/FacebookSDK/UIResponder+FacebookSDK.m"; sourceTree = "<group>"; };
		84220DE517FE1DE50009C919 /* MRErrorBuilder+NSException.h */ = {isa = PBXFileReference; fileEncoding = 4; lastKnownFileType = sourcecode.c.h; name = "MRErrorBuilder+NSException.h"; path = "../../ErrorKit/NSException/MRErrorBuilder+NSException.h"; sourceTree = "<group>"; };
		84220DE617FE1DE50009C919 /* MRErrorBuilder+NSException.m */ = {isa = PBXFileReference; fileEncoding = 4; lastKnownFileType = sourcecode.c.objc; name = "MRErrorBuilder+NSException.m"; path = "../../ErrorKit/NSException/MRErrorBuilder+NSException.m"; sourceTree = "<group>"; };
		84220DE717FE1DE50009C919 /* MRErrorFormatter+NSException.h */ = {isa = PBXFileReference; fileEncoding = 4; lastKnownFileType = sourcecode.c.h; name = "MRErrorFormatter+NSException.h"; path = "../../ErrorKit/NSException/MRErrorFormatter+NSException.h"; sourceTree = "<group>"; };
		84220DE817FE1DE50009C919 /* MRErrorFormatter+NSException.m */ = {isa = PBXFileReference; fileEncoding = 4; lastKnownFileType = sourcecode.c.objc; name = "MRErrorFormatter+NSException.m"; path = "../../ErrorKit/NSException/MRErrorFormatter+NSException.m"; sourceTree = "<group>"; };
		84220DEB17FE22600009C919 /* MRErrorBuilder+AFNetworking.m */ = {isa = PBXFileReference; fileEncoding = 4; lastKnownFileType = sourcecode.c.objc; name = "MRErrorBuilder+AFNetworking.m"; path = "../../ErrorKit/AFNetworking/MRErrorBuilder+AFNetworking.m"; sourceTree = "<group>"; };
		84220DED17FE23410009C919 /* MRErrorBuilder+AVFoundation.m */ = {isa = PBXFileReference; fileEncoding = 4; lastKnownFileType = sourcecode.c.objc; name = "MRErrorBuilder+AVFoundation.m"; path = "../../ErrorKit/AVFoundation/MRErrorBuilder+AVFoundation.m"; sourceTree = "<group>"; };
		84220DEF17FE23E50009C919 /* MRErrorBuilder+CoreData.m */ = {isa = PBXFileReference; fileEncoding = 4; lastKnownFileType = sourcecode.c.objc; name = "MRErrorBuilder+CoreData.m"; path = "../../ErrorKit/CoreData/MRErrorBuilder+CoreData.m"; sourceTree = "<group>"; };
		84220DF117FE246A0009C919 /* MRErrorBuilder+FacebookSDK.m */ = {isa = PBXFileReference; fileEncoding = 4; lastKnownFileType = sourcecode.c.objc; name = "MRErrorBuilder+FacebookSDK.m"; path = "../../ErrorKit/FacebookSDK/MRErrorBuilder+FacebookSDK.m"; sourceTree = "<group>"; };
		84220DF317FE24FD0009C919 /* MRErrorBuilder+HTTP.m */ = {isa = PBXFileReference; fileEncoding = 4; lastKnownFileType = sourcecode.c.objc; name = "MRErrorBuilder+HTTP.m"; path = "../../ErrorKit/HTTP/MRErrorBuilder+HTTP.m"; sourceTree = "<group>"; };
		84220DF517FE277F0009C919 /* MRErrorBuilder+JSONKit.m */ = {isa = PBXFileReference; fileEncoding = 4; lastKnownFileType = sourcecode.c.objc; name = "MRErrorBuilder+JSONKit.m"; path = "../../ErrorKit/JSONKit/MRErrorBuilder+JSONKit.m"; sourceTree = "<group>"; };
		84220DF717FE2EA30009C919 /* UIApplication+ErrorKit.h */ = {isa = PBXFileReference; fileEncoding = 4; lastKnownFileType = sourcecode.c.h; name = "UIApplication+ErrorKit.h"; path = "../../ErrorKit/UIKit/UIApplication+ErrorKit.h"; sourceTree = "<group>"; };
		84220DF817FE2EA30009C919 /* UIApplication+ErrorKit.m */ = {isa = PBXFileReference; fileEncoding = 4; lastKnownFileType = sourcecode.c.objc; name = "UIApplication+ErrorKit.m"; path = "../../ErrorKit/UIKit/UIApplication+ErrorKit.m"; sourceTree = "<group>"; };
		84220DFD17FE30DB0009C919 /* UIApplication+FacebookSDK.h */ = {isa = PBXFileReference; fileEncoding = 4; lastKnownFileType = sourcecode.c.h; name = "UIApplication+FacebookSDK.h"; path = "../../ErrorKit/FacebookSDK/UIApplication+FacebookSDK.h"; sourceTree = "<group>"; };
		84220DFE17FE30DC0009C919 /* UIApplication+FacebookSDK.m */ = {isa = PBXFileReference; fileEncoding = 4; lastKnownFileType = sourcecode.c.objc; name = "UIApplication+FacebookSDK.m"; path = "../../ErrorKit/FacebookSDK/UIApplication+FacebookSDK.m"; sourceTree = "<group>"; };
		842DA4F3180C6BFF00BC9545 /* ErrorKitMacros.h */ = {isa = PBXFileReference; fileEncoding = 4; lastKnownFileType = sourcecode.c.h; name = ErrorKitMacros.h; path = ../../ErrorKit/Core/ErrorKitMacros.h; sourceTree = "<group>"; };
		84448C28175B9ECE00E6D256 /* MRErrorFormatter+VeriJSON.h */ = {isa = PBXFileReference; fileEncoding = 4; lastKnownFileType = sourcecode.c.h; name = "MRErrorFormatter+VeriJSON.h"; path = "../../ErrorKit/VeriJSON/MRErrorFormatter+VeriJSON.h"; sourceTree = "<group>"; };
		8458E357174ECD38003DB731 /* MRErrorFormatter+CoreData.h */ = {isa = PBXFileReference; fileEncoding = 4; lastKnownFileType = sourcecode.c.h; name = "MRErrorFormatter+CoreData.h"; path = "../../ErrorKit/CoreData/MRErrorFormatter+CoreData.h"; sourceTree = "<group>"; };
		845990EA17FA4F65008ADCD2 /* MRErrorFormatter+JSONValues.h */ = {isa = PBXFileReference; fileEncoding = 4; lastKnownFileType = sourcecode.c.h; name = "MRErrorFormatter+JSONValues.h"; path = "../../ErrorKit/JSONValues/MRErrorFormatter+JSONValues.h"; sourceTree = "<group>"; };
		845990EB17FA4F65008ADCD2 /* MRErrorFormatter+JSONValues.m */ = {isa = PBXFileReference; fileEncoding = 4; lastKnownFileType = sourcecode.c.objc; name = "MRErrorFormatter+JSONValues.m"; path = "../../ErrorKit/JSONValues/MRErrorFormatter+JSONValues.m"; sourceTree = "<group>"; };
		845990EC17FA4F65008ADCD2 /* NSArray+JSONValues.h */ = {isa = PBXFileReference; fileEncoding = 4; lastKnownFileType = sourcecode.c.h; name = "NSArray+JSONValues.h"; path = "../../ErrorKit/JSONValues/NSArray+JSONValues.h"; sourceTree = "<group>"; };
		845990ED17FA4F65008ADCD2 /* NSArray+JSONValues.m */ = {isa = PBXFileReference; fileEncoding = 4; lastKnownFileType = sourcecode.c.objc; name = "NSArray+JSONValues.m"; path = "../../ErrorKit/JSONValues/NSArray+JSONValues.m"; sourceTree = "<group>"; };
		845990EE17FA4F65008ADCD2 /* NSDictionary+JSONValues.h */ = {isa = PBXFileReference; fileEncoding = 4; lastKnownFileType = sourcecode.c.h; name = "NSDictionary+JSONValues.h"; path = "../../ErrorKit/JSONValues/NSDictionary+JSONValues.h"; sourceTree = "<group>"; };
		845990EF17FA4F65008ADCD2 /* NSDictionary+JSONValues.m */ = {isa = PBXFileReference; fileEncoding = 4; lastKnownFileType = sourcecode.c.objc; name = "NSDictionary+JSONValues.m"; path = "../../ErrorKit/JSONValues/NSDictionary+JSONValues.m"; sourceTree = "<group>"; };
		845990F017FA4F65008ADCD2 /* NSMutableArray+JSONValues.h */ = {isa = PBXFileReference; fileEncoding = 4; lastKnownFileType = sourcecode.c.h; name = "NSMutableArray+JSONValues.h"; path = "../../ErrorKit/JSONValues/NSMutableArray+JSONValues.h"; sourceTree = "<group>"; };
		845990F117FA4F65008ADCD2 /* NSMutableArray+JSONValues.m */ = {isa = PBXFileReference; fileEncoding = 4; lastKnownFileType = sourcecode.c.objc; name = "NSMutableArray+JSONValues.m"; path = "../../ErrorKit/JSONValues/NSMutableArray+JSONValues.m"; sourceTree = "<group>"; };
		845990F217FA4F65008ADCD2 /* NSMutableDictionary+JSONValues.h */ = {isa = PBXFileReference; fileEncoding = 4; lastKnownFileType = sourcecode.c.h; name = "NSMutableDictionary+JSONValues.h"; path = "../../ErrorKit/JSONValues/NSMutableDictionary+JSONValues.h"; sourceTree = "<group>"; };
		845990F317FA4F65008ADCD2 /* NSMutableDictionary+JSONValues.m */ = {isa = PBXFileReference; fileEncoding = 4; lastKnownFileType = sourcecode.c.objc; name = "NSMutableDictionary+JSONValues.m"; path = "../../ErrorKit/JSONValues/NSMutableDictionary+JSONValues.m"; sourceTree = "<group>"; };
		845F6DD3181B0B1300D33BDC /* NSJSONSerialization+JSONValues.h */ = {isa = PBXFileReference; fileEncoding = 4; lastKnownFileType = sourcecode.c.h; name = "NSJSONSerialization+JSONValues.h"; path = "../../ErrorKit/JSONValues/NSJSONSerialization+JSONValues.h"; sourceTree = "<group>"; };
		845F6DD4181B0B1300D33BDC /* NSJSONSerialization+JSONValues.m */ = {isa = PBXFileReference; fileEncoding = 4; lastKnownFileType = sourcecode.c.objc; name = "NSJSONSerialization+JSONValues.m"; path = "../../ErrorKit/JSONValues/NSJSONSerialization+JSONValues.m"; sourceTree = "<group>"; };
		84AF4518181D836E00EFC96A /* ErrorKit_Parse.h */ = {isa = PBXFileReference; fileEncoding = 4; lastKnownFileType = sourcecode.c.h; name = ErrorKit_Parse.h; path = ../../ErrorKit/Parse/ErrorKit_Parse.h; sourceTree = "<group>"; };
		84AF4519181D836E00EFC96A /* MRErrorBuilder+Parse.h */ = {isa = PBXFileReference; fileEncoding = 4; lastKnownFileType = sourcecode.c.h; name = "MRErrorBuilder+Parse.h"; path = "../../ErrorKit/Parse/MRErrorBuilder+Parse.h"; sourceTree = "<group>"; };
		84AF451A181D836E00EFC96A /* MRErrorBuilder+Parse.m */ = {isa = PBXFileReference; fileEncoding = 4; lastKnownFileType = sourcecode.c.objc; name = "MRErrorBuilder+Parse.m"; path = "../../ErrorKit/Parse/MRErrorBuilder+Parse.m"; sourceTree = "<group>"; };
		84AF451B181D836E00EFC96A /* MRErrorFormatter+Parse.h */ = {isa = PBXFileReference; fileEncoding = 4; lastKnownFileType = sourcecode.c.h; name = "MRErrorFormatter+Parse.h"; path = "../../ErrorKit/Parse/MRErrorFormatter+Parse.h"; sourceTree = "<group>"; };
		84AF451C181D836E00EFC96A /* MRErrorFormatter+Parse.m */ = {isa = PBXFileReference; fileEncoding = 4; lastKnownFileType = sourcecode.c.objc; name = "MRErrorFormatter+Parse.m"; path = "../../ErrorKit/Parse/MRErrorFormatter+Parse.m"; sourceTree = "<group>"; };
		84AF451D181D836E00EFC96A /* NSError+Parse.h */ = {isa = PBXFileReference; fileEncoding = 4; lastKnownFileType = sourcecode.c.h; name = "NSError+Parse.h"; path = "../../ErrorKit/Parse/NSError+Parse.h"; sourceTree = "<group>"; };
		84AF451E181D836E00EFC96A /* NSError+Parse.m */ = {isa = PBXFileReference; fileEncoding = 4; lastKnownFileType = sourcecode.c.objc; name = "NSError+Parse.m"; path = "../../ErrorKit/Parse/NSError+Parse.m"; sourceTree = "<group>"; };
		84B2B394174AB5AF004E8ED3 /* UIResponder+FacebookSDK.h */ = {isa = PBXFileReference; fileEncoding = 4; lastKnownFileType = sourcecode.c.h; name = "UIResponder+FacebookSDK.h"; path = "../../ErrorKit/FacebookSDK/UIResponder+FacebookSDK.h"; sourceTree = "<group>"; };
		84C7473617F8E056007DF279 /* MRAlertRecoveryAttempter.h */ = {isa = PBXFileReference; fileEncoding = 4; lastKnownFileType = sourcecode.c.h; name = MRAlertRecoveryAttempter.h; path = ../../ErrorKit/UIKit/MRAlertRecoveryAttempter.h; sourceTree = "<group>"; };
		84C7473717F8E056007DF279 /* MRAlertRecoveryAttempter.m */ = {isa = PBXFileReference; fileEncoding = 4; lastKnownFileType = sourcecode.c.objc; name = MRAlertRecoveryAttempter.m; path = ../../ErrorKit/UIKit/MRAlertRecoveryAttempter.m; sourceTree = "<group>"; };
		84C7473817F8E056007DF279 /* UIAlertView+ErrorKit.h */ = {isa = PBXFileReference; fileEncoding = 4; lastKnownFileType = sourcecode.c.h; name = "UIAlertView+ErrorKit.h"; path = "../../ErrorKit/UIKit/UIAlertView+ErrorKit.h"; sourceTree = "<group>"; };
		84C7473917F8E056007DF279 /* UIAlertView+ErrorKit.m */ = {isa = PBXFileReference; fileEncoding = 4; lastKnownFileType = sourcecode.c.objc; name = "UIAlertView+ErrorKit.m"; path = "../../ErrorKit/UIKit/UIAlertView+ErrorKit.m"; sourceTree = "<group>"; };
		84C7473A17F8E056007DF279 /* UIResponder+ErrorKit.h */ = {isa = PBXFileReference; fileEncoding = 4; lastKnownFileType = sourcecode.c.h; name = "UIResponder+ErrorKit.h"; path = "../../ErrorKit/UIKit/UIResponder+ErrorKit.h"; sourceTree = "<group>"; };
		84C7473B17F8E056007DF279 /* UIResponder+ErrorKit.m */ = {isa = PBXFileReference; fileEncoding = 4; lastKnownFileType = sourcecode.c.objc; name = "UIResponder+ErrorKit.m"; path = "../../ErrorKit/UIKit/UIResponder+ErrorKit.m"; sourceTree = "<group>"; };
		84D84C22171F485D00EBA843 /* MRErrorFormatter+AVFoundation.h */ = {isa = PBXFileReference; lastKnownFileType = sourcecode.c.h; name = "MRErrorFormatter+AVFoundation.h"; path = "../../ErrorKit/AVFoundation/MRErrorFormatter+AVFoundation.h"; sourceTree = "<group>"; };
		84DB842D16C802F3000BF23E /* ErrorKit-Example.app */ = {isa = PBXFileReference; explicitFileType = wrapper.application; includeInIndex = 0; path = "ErrorKit-Example.app"; sourceTree = BUILT_PRODUCTS_DIR; };
		84DB843016C802F3000BF23E /* UIKit.framework */ = {isa = PBXFileReference; lastKnownFileType = wrapper.framework; name = UIKit.framework; path = System/Library/Frameworks/UIKit.framework; sourceTree = SDKROOT; };
		84DB843216C802F3000BF23E /* Foundation.framework */ = {isa = PBXFileReference; lastKnownFileType = wrapper.framework; name = Foundation.framework; path = System/Library/Frameworks/Foundation.framework; sourceTree = SDKROOT; };
		84DB843816C802F3000BF23E /* ErrorKit-Example-Info.plist */ = {isa = PBXFileReference; lastKnownFileType = text.plist.xml; path = "ErrorKit-Example-Info.plist"; sourceTree = "<group>"; };
		84DB843A16C802F3000BF23E /* en */ = {isa = PBXFileReference; lastKnownFileType = text.plist.strings; name = en; path = en.lproj/InfoPlist.strings; sourceTree = "<group>"; };
		84DB843C16C802F3000BF23E /* main.m */ = {isa = PBXFileReference; lastKnownFileType = sourcecode.c.objc; path = main.m; sourceTree = "<group>"; };
		84DB843E16C802F3000BF23E /* ErrorKit-Example-Prefix.pch */ = {isa = PBXFileReference; lastKnownFileType = sourcecode.c.h; path = "ErrorKit-Example-Prefix.pch"; sourceTree = "<group>"; };
		84DB843F16C802F3000BF23E /* MRAppDelegate.h */ = {isa = PBXFileReference; lastKnownFileType = sourcecode.c.h; path = MRAppDelegate.h; sourceTree = "<group>"; };
		84DB844016C802F4000BF23E /* MRAppDelegate.m */ = {isa = PBXFileReference; lastKnownFileType = sourcecode.c.objc; path = MRAppDelegate.m; sourceTree = "<group>"; };
		84DB844216C802F4000BF23E /* Default.png */ = {isa = PBXFileReference; lastKnownFileType = image.png; path = Default.png; sourceTree = "<group>"; };
		84DB844416C802F4000BF23E /* Default@2x.png */ = {isa = PBXFileReference; lastKnownFileType = image.png; path = "Default@2x.png"; sourceTree = "<group>"; };
		84DB844616C802F4000BF23E /* Default-568h@2x.png */ = {isa = PBXFileReference; lastKnownFileType = image.png; path = "Default-568h@2x.png"; sourceTree = "<group>"; };
		84DB844816C802F4000BF23E /* MRViewController.h */ = {isa = PBXFileReference; lastKnownFileType = sourcecode.c.h; path = MRViewController.h; sourceTree = "<group>"; };
		84DB844916C802F4000BF23E /* MRViewController.m */ = {isa = PBXFileReference; lastKnownFileType = sourcecode.c.objc; path = MRViewController.m; sourceTree = "<group>"; };
		84DB845316C80380000BF23E /* MRViewController.xib */ = {isa = PBXFileReference; fileEncoding = 4; lastKnownFileType = file.xib; path = MRViewController.xib; sourceTree = "<group>"; };
		84DB845416C80380000BF23E /* ErrorKitExample-Application.xib */ = {isa = PBXFileReference; fileEncoding = 4; lastKnownFileType = file.xib; path = "ErrorKitExample-Application.xib"; sourceTree = "<group>"; };
		84DB846116C8048E000BF23E /* ErrorKit.h */ = {isa = PBXFileReference; fileEncoding = 4; lastKnownFileType = sourcecode.c.h; name = ErrorKit.h; path = ../../ErrorKit/ErrorKit.h; sourceTree = "<group>"; };
		84DB847516C8242E000BF23E /* ca */ = {isa = PBXFileReference; lastKnownFileType = text.plist.strings; name = ca; path = ca.lproj/InfoPlist.strings; sourceTree = "<group>"; };
		84DB847616C82432000BF23E /* es */ = {isa = PBXFileReference; lastKnownFileType = text.plist.strings; name = es; path = es.lproj/InfoPlist.strings; sourceTree = "<group>"; };
		84F691DE171F2B50002C8F4F /* MRErrorBuilder+AVFoundation.h */ = {isa = PBXFileReference; lastKnownFileType = sourcecode.c.h; name = "MRErrorBuilder+AVFoundation.h"; path = "../../ErrorKit/AVFoundation/MRErrorBuilder+AVFoundation.h"; sourceTree = "<group>"; };
		84F691DF171F3542002C8F4F /* NSError+AVFoundation.h */ = {isa = PBXFileReference; lastKnownFileType = sourcecode.c.h; name = "NSError+AVFoundation.h"; path = "../../ErrorKit/AVFoundation/NSError+AVFoundation.h"; sourceTree = "<group>"; };
		84F8AEAF1715FF0D001E1FD4 /* NSError+AFNetworking.h */ = {isa = PBXFileReference; fileEncoding = 4; lastKnownFileType = sourcecode.c.h; name = "NSError+AFNetworking.h"; path = "../../ErrorKit/AFNetworking/NSError+AFNetworking.h"; sourceTree = "<group>"; };
		84F8AEB01715FF35001E1FD4 /* NSError+CoreData.h */ = {isa = PBXFileReference; fileEncoding = 4; lastKnownFileType = sourcecode.c.h; name = "NSError+CoreData.h"; path = "../../ErrorKit/CoreData/NSError+CoreData.h"; sourceTree = "<group>"; };
		84F8AEB21715FF4E001E1FD4 /* NSError+FacebookSDK.h */ = {isa = PBXFileReference; fileEncoding = 4; lastKnownFileType = sourcecode.c.h; name = "NSError+FacebookSDK.h"; path = "../../ErrorKit/FacebookSDK/NSError+FacebookSDK.h"; sourceTree = "<group>"; };
		84F8AEB31715FF5B001E1FD4 /* NSError+JSONKit.h */ = {isa = PBXFileReference; fileEncoding = 4; lastKnownFileType = sourcecode.c.h; name = "NSError+JSONKit.h"; path = "../../ErrorKit/JSONKit/NSError+JSONKit.h"; sourceTree = "<group>"; };
		84F8AEB41715FF77001E1FD4 /* MRErrorBuilder+AFNetworking.h */ = {isa = PBXFileReference; fileEncoding = 4; lastKnownFileType = sourcecode.c.h; name = "MRErrorBuilder+AFNetworking.h"; path = "../../ErrorKit/AFNetworking/MRErrorBuilder+AFNetworking.h"; sourceTree = "<group>"; };
		84F8AEB51715FF8C001E1FD4 /* MRErrorBuilder+CoreData.h */ = {isa = PBXFileReference; fileEncoding = 4; lastKnownFileType = sourcecode.c.h; name = "MRErrorBuilder+CoreData.h"; path = "../../ErrorKit/CoreData/MRErrorBuilder+CoreData.h"; sourceTree = "<group>"; };
		84F8AEB71715FFA9001E1FD4 /* MRErrorBuilder+FacebookSDK.h */ = {isa = PBXFileReference; fileEncoding = 4; lastKnownFileType = sourcecode.c.h; name = "MRErrorBuilder+FacebookSDK.h"; path = "../../ErrorKit/FacebookSDK/MRErrorBuilder+FacebookSDK.h"; sourceTree = "<group>"; };
		84F8AEB81715FFB9001E1FD4 /* MRErrorBuilder+JSONKit.h */ = {isa = PBXFileReference; fileEncoding = 4; lastKnownFileType = sourcecode.c.h; name = "MRErrorBuilder+JSONKit.h"; path = "../../ErrorKit/JSONKit/MRErrorBuilder+JSONKit.h"; sourceTree = "<group>"; };
		84F8AEB91715FFE3001E1FD4 /* MRErrorFormatter+Accounts.h */ = {isa = PBXFileReference; fileEncoding = 4; lastKnownFileType = sourcecode.c.h; name = "MRErrorFormatter+Accounts.h"; path = "../../ErrorKit/Accounts/MRErrorFormatter+Accounts.h"; sourceTree = "<group>"; };
		84F8AEBA1715FFF5001E1FD4 /* MRErrorFormatter+Admob.h */ = {isa = PBXFileReference; fileEncoding = 4; lastKnownFileType = sourcecode.c.h; name = "MRErrorFormatter+Admob.h"; path = "../../ErrorKit/Admob/MRErrorFormatter+Admob.h"; sourceTree = "<group>"; };
		84F8AEBB1715FFFF001E1FD4 /* MRErrorFormatter+CoreLocation.h */ = {isa = PBXFileReference; fileEncoding = 4; lastKnownFileType = sourcecode.c.h; name = "MRErrorFormatter+CoreLocation.h"; path = "../../ErrorKit/CoreLocation/MRErrorFormatter+CoreLocation.h"; sourceTree = "<group>"; };
		84F8AEBC17160008001E1FD4 /* MRErrorFormatter+FacebookSDK.h */ = {isa = PBXFileReference; fileEncoding = 4; lastKnownFileType = sourcecode.c.h; name = "MRErrorFormatter+FacebookSDK.h"; path = "../../ErrorKit/FacebookSDK/MRErrorFormatter+FacebookSDK.h"; sourceTree = "<group>"; };
		84F8AEBD17160019001E1FD4 /* MRErrorFormatter+HTTP.h */ = {isa = PBXFileReference; fileEncoding = 4; lastKnownFileType = sourcecode.c.h; name = "MRErrorFormatter+HTTP.h"; path = "../../ErrorKit/HTTP/MRErrorFormatter+HTTP.h"; sourceTree = "<group>"; };
		84F8AEBE17160023001E1FD4 /* MRErrorFormatter+iAD.h */ = {isa = PBXFileReference; fileEncoding = 4; lastKnownFileType = sourcecode.c.h; name = "MRErrorFormatter+iAD.h"; path = "../../ErrorKit/iAD/MRErrorFormatter+iAD.h"; sourceTree = "<group>"; };
		84F8AEBF17160031001E1FD4 /* MRErrorFormatter+JSONKit.h */ = {isa = PBXFileReference; fileEncoding = 4; lastKnownFileType = sourcecode.c.h; name = "MRErrorFormatter+JSONKit.h"; path = "../../ErrorKit/JSONKit/MRErrorFormatter+JSONKit.h"; sourceTree = "<group>"; };
		84F8AEC01716003F001E1FD4 /* MRErrorFormatter+MapKit.h */ = {isa = PBXFileReference; fileEncoding = 4; lastKnownFileType = sourcecode.c.h; name = "MRErrorFormatter+MapKit.h"; path = "../../ErrorKit/MapKit/MRErrorFormatter+MapKit.h"; sourceTree = "<group>"; };
		84F8AEC117160048001E1FD4 /* MRErrorFormatter+MessageUI.h */ = {isa = PBXFileReference; fileEncoding = 4; lastKnownFileType = sourcecode.c.h; name = "MRErrorFormatter+MessageUI.h"; path = "../../ErrorKit/MessageUI/MRErrorFormatter+MessageUI.h"; sourceTree = "<group>"; };
		84F8AEC217160056001E1FD4 /* MRErrorFormatter+Security.h */ = {isa = PBXFileReference; fileEncoding = 4; lastKnownFileType = sourcecode.c.h; name = "MRErrorFormatter+Security.h"; path = "../../ErrorKit/Security/MRErrorFormatter+Security.h"; sourceTree = "<group>"; };
		84F8AEC317160063001E1FD4 /* MRErrorFormatter+StoreKit.h */ = {isa = PBXFileReference; fileEncoding = 4; lastKnownFileType = sourcecode.c.h; name = "MRErrorFormatter+StoreKit.h"; path = "../../ErrorKit/StoreKit/MRErrorFormatter+StoreKit.h"; sourceTree = "<group>"; };
		84F8AEC41716006D001E1FD4 /* MRErrorFormatter+TransitionKit.h */ = {isa = PBXFileReference; fileEncoding = 4; lastKnownFileType = sourcecode.c.h; name = "MRErrorFormatter+TransitionKit.h"; path = "../../ErrorKit/TransitionKit/MRErrorFormatter+TransitionKit.h"; sourceTree = "<group>"; };
		84FA2664170FB483008A9DAA /* en */ = {isa = PBXFileReference; lastKnownFileType = text.plist.strings; name = en; path = en.lproj/ErrorKit.strings; sourceTree = "<group>"; };
		84FA2666170FB48D008A9DAA /* es */ = {isa = PBXFileReference; lastKnownFileType = text.plist.strings; name = es; path = es.lproj/ErrorKit.strings; sourceTree = "<group>"; };
		84FA2667170FB495008A9DAA /* ca */ = {isa = PBXFileReference; lastKnownFileType = text.plist.strings; name = ca; path = ca.lproj/ErrorKit.strings; sourceTree = "<group>"; };
		84FCBBF41739700C00EB7E29 /* MRErrorBuilder+HTTP.h */ = {isa = PBXFileReference; lastKnownFileType = sourcecode.c.h; name = "MRErrorBuilder+HTTP.h"; path = "../../ErrorKit/HTTP/MRErrorBuilder+HTTP.h"; sourceTree = "<group>"; };
/* End PBXFileReference section */

/* Begin PBXFrameworksBuildPhase section */
		84DB842A16C802F3000BF23E /* Frameworks */ = {
			isa = PBXFrameworksBuildPhase;
			buildActionMask = 2147483647;
			files = (
				84DB843116C802F3000BF23E /* UIKit.framework in Frameworks */,
				84DB843316C802F3000BF23E /* Foundation.framework in Frameworks */,
			);
			runOnlyForDeploymentPostprocessing = 0;
		};
/* End PBXFrameworksBuildPhase section */

/* Begin PBXGroup section */
		841A09D117FF970100DC3848 /* headers */ = {
			isa = PBXGroup;
			children = (
				841438D718021B4300EF0704 /* ErrorKitImports.h */,
				842DA4F3180C6BFF00BC9545 /* ErrorKitMacros.h */,
				841A09CB17FF93CF00DC3848 /* ErrorKit_Accounts.h */,
				8402077E1813DC1900C9A166 /* ErrorKit_Additions.h */,
				841A09CC17FF952800DC3848 /* ErrorKit_Admob.h */,
				841A09CD17FF952800DC3848 /* ErrorKit_AFNetworking.h */,
				841A09CE17FF952800DC3848 /* ErrorKit_AVFoundation.h */,
				841438D51802170B00EF0704 /* ErrorKit_Core.h */,
				841A09CF17FF96E300DC3848 /* ErrorKit_CoreData.h */,
				841A09D017FF96E300DC3848 /* ErrorKit_CoreLocation.h */,
				841438D6180218DA00EF0704 /* ErrorKit_Default.h */,
				841A09D217FF980C00DC3848 /* ErrorKit_FacebookSDK.h */,
				841A09D317FF980C00DC3848 /* ErrorKit_HTTP.h */,
				841A09D417FF998E00DC3848 /* ErrorKit_iAD.h */,
				841A09D517FF998E00DC3848 /* ErrorKit_JSONKit.h */,
				841A09D617FF998E00DC3848 /* ErrorKit_JSONValues.h */,
				841A09D717FF998E00DC3848 /* ErrorKit_MapKit.h */,
				841A09D817FF998E00DC3848 /* ErrorKit_MessageUI.h */,
				841A09D917FF9A4C00DC3848 /* ErrorKit_NSException.h */,
				84AF4518181D836E00EFC96A /* ErrorKit_Parse.h */,
				841A09DA17FF9C3200DC3848 /* ErrorKit_Security.h */,
				841A09DB17FF9C3200DC3848 /* ErrorKit_StoreKit.h */,
				841A09DC17FF9C3200DC3848 /* ErrorKit_TransitionKit.h */,
				841A09DD17FF9C3200DC3848 /* ErrorKit_UIKit.h */,
				841A09DE17FF9C3300DC3848 /* ErrorKit_VeriJSON.h */,
			);
			name = headers;
			sourceTree = "<group>";
		};
		845990E917FA4F3E008ADCD2 /* helpers */ = {
			isa = PBXGroup;
			children = (
				845990EC17FA4F65008ADCD2 /* NSArray+JSONValues.h */,
				845990ED17FA4F65008ADCD2 /* NSArray+JSONValues.m */,
				845990EE17FA4F65008ADCD2 /* NSDictionary+JSONValues.h */,
				845990EF17FA4F65008ADCD2 /* NSDictionary+JSONValues.m */,
				845F6DD3181B0B1300D33BDC /* NSJSONSerialization+JSONValues.h */,
				845F6DD4181B0B1300D33BDC /* NSJSONSerialization+JSONValues.m */,
				845990F017FA4F65008ADCD2 /* NSMutableArray+JSONValues.h */,
				845990F117FA4F65008ADCD2 /* NSMutableArray+JSONValues.m */,
				845990F217FA4F65008ADCD2 /* NSMutableDictionary+JSONValues.h */,
				845990F317FA4F65008ADCD2 /* NSMutableDictionary+JSONValues.m */,
			);
			name = helpers;
			sourceTree = "<group>";
		};
		84DB842416C802F3000BF23E = {
			isa = PBXGroup;
			children = (
				84DB843616C802F3000BF23E /* ErrorKit-Example */,
				84DB846016C8046D000BF23E /* ErrorKit */,
				84DB842F16C802F3000BF23E /* Frameworks */,
				84DB842E16C802F3000BF23E /* Products */,
			);
			sourceTree = "<group>";
		};
		84DB842E16C802F3000BF23E /* Products */ = {
			isa = PBXGroup;
			children = (
				84DB842D16C802F3000BF23E /* ErrorKit-Example.app */,
			);
			name = Products;
			sourceTree = "<group>";
		};
		84DB842F16C802F3000BF23E /* Frameworks */ = {
			isa = PBXGroup;
			children = (
				84DB843016C802F3000BF23E /* UIKit.framework */,
				84DB843216C802F3000BF23E /* Foundation.framework */,
			);
			name = Frameworks;
			sourceTree = "<group>";
		};
		84DB843616C802F3000BF23E /* ErrorKit-Example */ = {
			isa = PBXGroup;
			children = (
				84DB843F16C802F3000BF23E /* MRAppDelegate.h */,
				84DB844016C802F4000BF23E /* MRAppDelegate.m */,
				84DB844816C802F4000BF23E /* MRViewController.h */,
				84DB844916C802F4000BF23E /* MRViewController.m */,
				84DB845316C80380000BF23E /* MRViewController.xib */,
				84DB843716C802F3000BF23E /* Supporting Files */,
			);
			path = "ErrorKit-Example";
			sourceTree = "<group>";
		};
		84DB843716C802F3000BF23E /* Supporting Files */ = {
			isa = PBXGroup;
			children = (
				84FA2663170FB483008A9DAA /* ErrorKit.strings */,
				84DB843816C802F3000BF23E /* ErrorKit-Example-Info.plist */,
				84DB843916C802F3000BF23E /* InfoPlist.strings */,
				84DB843C16C802F3000BF23E /* main.m */,
				84DB843E16C802F3000BF23E /* ErrorKit-Example-Prefix.pch */,
				84DB844216C802F4000BF23E /* Default.png */,
				84DB844416C802F4000BF23E /* Default@2x.png */,
				84DB844616C802F4000BF23E /* Default-568h@2x.png */,
				84DB845416C80380000BF23E /* ErrorKitExample-Application.xib */,
			);
			name = "Supporting Files";
			sourceTree = "<group>";
		};
		84DB846016C8046D000BF23E /* ErrorKit */ = {
			isa = PBXGroup;
			children = (
				84DB846116C8048E000BF23E /* ErrorKit.h */,
				8419D1F2171B539500143B54 /* ErrorKitDefines.h */,
				841A09D117FF970100DC3848 /* headers */,
				845990E917FA4F3E008ADCD2 /* helpers */,
				84EB27EA16EADA9400F98BD0 /* access */,
				84EB27E716EAD9E300F98BD0 /* build */,
				84DCF7CA16EC0D4F00F50750 /* format */,
				84EB27E816EAD9F000F98BD0 /* present */,
				84EB27E916EADA3600F98BD0 /* recover */,
			);
			name = ErrorKit;
			path = "ErrorKit-Example";
			sourceTree = "<group>";
		};
		84DCF7CA16EC0D4F00F50750 /* format */ = {
			isa = PBXGroup;
			children = (
				841438C71802160C00EF0704 /* MRErrorFormatter.h */,
				841438C81802160E00EF0704 /* MRErrorFormatter.m */,
				841438C91802160E00EF0704 /* MRErrorFormatter+ErrorCode.h */,
				841438CA1802160E00EF0704 /* MRErrorFormatter+ErrorCode.m */,
				84F8AEB91715FFE3001E1FD4 /* MRErrorFormatter+Accounts.h */,
				840B600E180371A60090A142 /* MRErrorFormatter+Accounts.m */,
				84F8AEBA1715FFF5001E1FD4 /* MRErrorFormatter+Admob.h */,
				840B60101803729D0090A142 /* MRErrorFormatter+Admob.m */,
				84D84C22171F485D00EBA843 /* MRErrorFormatter+AVFoundation.h */,
				840B60121803732A0090A142 /* MRErrorFormatter+AVFoundation.m */,
				8458E357174ECD38003DB731 /* MRErrorFormatter+CoreData.h */,
				840B6014180373D50090A142 /* MRErrorFormatter+CoreData.m */,
				84F8AEBB1715FFFF001E1FD4 /* MRErrorFormatter+CoreLocation.h */,
				840B6016180374890090A142 /* MRErrorFormatter+CoreLocation.m */,
				84F8AEBC17160008001E1FD4 /* MRErrorFormatter+FacebookSDK.h */,
				840B6018180375BC0090A142 /* MRErrorFormatter+FacebookSDK.m */,
				84F8AEBD17160019001E1FD4 /* MRErrorFormatter+HTTP.h */,
				840B601A1803761E0090A142 /* MRErrorFormatter+HTTP.m */,
				84F8AEBE17160023001E1FD4 /* MRErrorFormatter+iAD.h */,
				840B601C180376FE0090A142 /* MRErrorFormatter+iAD.m */,
				84F8AEBF17160031001E1FD4 /* MRErrorFormatter+JSONKit.h */,
				840B601E180377530090A142 /* MRErrorFormatter+JSONKit.m */,
				845990EA17FA4F65008ADCD2 /* MRErrorFormatter+JSONValues.h */,
				845990EB17FA4F65008ADCD2 /* MRErrorFormatter+JSONValues.m */,
				84F8AEC01716003F001E1FD4 /* MRErrorFormatter+MapKit.h */,
				840B60201803785A0090A142 /* MRErrorFormatter+MapKit.m */,
				84F8AEC117160048001E1FD4 /* MRErrorFormatter+MessageUI.h */,
				840B6022180378F90090A142 /* MRErrorFormatter+MessageUI.m */,
				84220DE717FE1DE50009C919 /* MRErrorFormatter+NSException.h */,
				84220DE817FE1DE50009C919 /* MRErrorFormatter+NSException.m */,
				84AF451B181D836E00EFC96A /* MRErrorFormatter+Parse.h */,
				84AF451C181D836E00EFC96A /* MRErrorFormatter+Parse.m */,
				84F8AEC217160056001E1FD4 /* MRErrorFormatter+Security.h */,
				840B6024180379750090A142 /* MRErrorFormatter+Security.m */,
				84F8AEC317160063001E1FD4 /* MRErrorFormatter+StoreKit.h */,
				840B6026180379ED0090A142 /* MRErrorFormatter+StoreKit.m */,
				84F8AEC41716006D001E1FD4 /* MRErrorFormatter+TransitionKit.h */,
				840B602818037A360090A142 /* MRErrorFormatter+TransitionKit.m */,
				84448C28175B9ECE00E6D256 /* MRErrorFormatter+VeriJSON.h */,
				840B602A18037AF10090A142 /* MRErrorFormatter+VeriJSON.m */,
			);
			name = format;
			sourceTree = "<group>";
		};
		84EB27E716EAD9E300F98BD0 /* build */ = {
			isa = PBXGroup;
			children = (
				841438C51802160C00EF0704 /* MRErrorBuilder.h */,
				841438C61802160C00EF0704 /* MRErrorBuilder.m */,
				84220DE517FE1DE50009C919 /* MRErrorBuilder+NSException.h */,
				84220DE617FE1DE50009C919 /* MRErrorBuilder+NSException.m */,
				840207781813DB5200C9A166 /* MRErrorBuilder+Additions.h */,
				840207791813DB5200C9A166 /* MRErrorBuilder+Additions.m */,
				84F8AEB41715FF77001E1FD4 /* MRErrorBuilder+AFNetworking.h */,
				84220DEB17FE22600009C919 /* MRErrorBuilder+AFNetworking.m */,
				84F691DE171F2B50002C8F4F /* MRErrorBuilder+AVFoundation.h */,
				84220DED17FE23410009C919 /* MRErrorBuilder+AVFoundation.m */,
				84F8AEB51715FF8C001E1FD4 /* MRErrorBuilder+CoreData.h */,
				84220DEF17FE23E50009C919 /* MRErrorBuilder+CoreData.m */,
				84F8AEB71715FFA9001E1FD4 /* MRErrorBuilder+FacebookSDK.h */,
				84220DF117FE246A0009C919 /* MRErrorBuilder+FacebookSDK.m */,
				84FCBBF41739700C00EB7E29 /* MRErrorBuilder+HTTP.h */,
				84220DF317FE24FD0009C919 /* MRErrorBuilder+HTTP.m */,
				84F8AEB81715FFB9001E1FD4 /* MRErrorBuilder+JSONKit.h */,
				84220DF517FE277F0009C919 /* MRErrorBuilder+JSONKit.m */,
				84AF4519181D836E00EFC96A /* MRErrorBuilder+Parse.h */,
				84AF451A181D836E00EFC96A /* MRErrorBuilder+Parse.m */,
			);
			name = build;
			sourceTree = "<group>";
		};
		84EB27E816EAD9F000F98BD0 /* present */ = {
			isa = PBXGroup;
			children = (
				84C7473817F8E056007DF279 /* UIAlertView+ErrorKit.h */,
				84C7473917F8E056007DF279 /* UIAlertView+ErrorKit.m */,
				84220DF717FE2EA30009C919 /* UIApplication+ErrorKit.h */,
				84220DF817FE2EA30009C919 /* UIApplication+ErrorKit.m */,
				84220DFD17FE30DB0009C919 /* UIApplication+FacebookSDK.h */,
				84220DFE17FE30DC0009C919 /* UIApplication+FacebookSDK.m */,
				84C7473A17F8E056007DF279 /* UIResponder+ErrorKit.h */,
				84C7473B17F8E056007DF279 /* UIResponder+ErrorKit.m */,
				84B2B394174AB5AF004E8ED3 /* UIResponder+FacebookSDK.h */,
				84220DE317FE0AEE0009C919 /* UIResponder+FacebookSDK.m */,
			);
			name = present;
			sourceTree = "<group>";
		};
		84EB27E916EADA3600F98BD0 /* recover */ = {
			isa = PBXGroup;
			children = (
				841438BF1802160900EF0704 /* MRAbstractRecoveryAttempter.h */,
				841438C01802160900EF0704 /* MRAbstractRecoveryAttempter.m */,
				841438C11802160A00EF0704 /* MRBlockRecoveryAttempter.h */,
				841438C21802160A00EF0704 /* MRBlockRecoveryAttempter.m */,
				84C7473617F8E056007DF279 /* MRAlertRecoveryAttempter.h */,
				84C7473717F8E056007DF279 /* MRAlertRecoveryAttempter.m */,
				841438C31802160B00EF0704 /* MRChainedRecoveryAttempter.h */,
				841438C41802160B00EF0704 /* MRChainedRecoveryAttempter.m */,
			);
			name = recover;
			sourceTree = "<group>";
		};
		84EB27EA16EADA9400F98BD0 /* access */ = {
			isa = PBXGroup;
			children = (
				841438CB1802160F00EF0704 /* NSError+ErrorKit.h */,
				841438CC1802160F00EF0704 /* NSError+ErrorKit.m */,
				8402077B1813DB6C00C9A166 /* NSError+Additions.h */,
				8402077C1813DB6C00C9A166 /* NSError+Additions.m */,
				84F8AEAF1715FF0D001E1FD4 /* NSError+AFNetworking.h */,
				84220DD717FE02400009C919 /* NSError+AFNetworking.m */,
				84F691DF171F3542002C8F4F /* NSError+AVFoundation.h */,
				84220DD917FE04170009C919 /* NSError+AVFoundation.m */,
				84F8AEB01715FF35001E1FD4 /* NSError+CoreData.h */,
				84220DDB17FE04B50009C919 /* NSError+CoreData.m */,
				84F8AEB21715FF4E001E1FD4 /* NSError+FacebookSDK.h */,
				84220DDD17FE05880009C919 /* NSError+FacebookSDK.m */,
				84040EF6173826EF00548BE6 /* NSError+HTTP.h */,
				84220DE117FE09100009C919 /* NSError+HTTP.m */,
				84F8AEB31715FF5B001E1FD4 /* NSError+JSONKit.h */,
				84220DDF17FE06F60009C919 /* NSError+JSONKit.m */,
				84AF451D181D836E00EFC96A /* NSError+Parse.h */,
				84AF451E181D836E00EFC96A /* NSError+Parse.m */,
			);
			name = access;
			sourceTree = "<group>";
		};
/* End PBXGroup section */

/* Begin PBXNativeTarget section */
		84DB842C16C802F3000BF23E /* ErrorKit-Example */ = {
			isa = PBXNativeTarget;
			buildConfigurationList = 84DB845016C802F4000BF23E /* Build configuration list for PBXNativeTarget "ErrorKit-Example" */;
			buildPhases = (
				84DB842916C802F3000BF23E /* Sources */,
				84DB842A16C802F3000BF23E /* Frameworks */,
				84DB842B16C802F3000BF23E /* Resources */,
			);
			buildRules = (
			);
			dependencies = (
			);
			name = "ErrorKit-Example";
			productName = "ErrorKit-Example";
			productReference = 84DB842D16C802F3000BF23E /* ErrorKit-Example.app */;
			productType = "com.apple.product-type.application";
		};
/* End PBXNativeTarget section */

/* Begin PBXProject section */
		84DB842516C802F3000BF23E /* Project object */ = {
			isa = PBXProject;
			attributes = {
				CLASSPREFIX = MR;
				LastUpgradeCheck = 0460;
			};
			buildConfigurationList = 84DB842816C802F3000BF23E /* Build configuration list for PBXProject "ErrorKit-Example" */;
			compatibilityVersion = "Xcode 3.2";
			developmentRegion = English;
			hasScannedForEncodings = 0;
			knownRegions = (
				en,
				ca,
				es,
			);
			mainGroup = 84DB842416C802F3000BF23E;
			productRefGroup = 84DB842E16C802F3000BF23E /* Products */;
			projectDirPath = "";
			projectRoot = "";
			targets = (
				84DB842C16C802F3000BF23E /* ErrorKit-Example */,
			);
		};
/* End PBXProject section */

/* Begin PBXResourcesBuildPhase section */
		84DB842B16C802F3000BF23E /* Resources */ = {
			isa = PBXResourcesBuildPhase;
			buildActionMask = 2147483647;
			files = (
				84DB843B16C802F3000BF23E /* InfoPlist.strings in Resources */,
				84DB844316C802F4000BF23E /* Default.png in Resources */,
				84DB844516C802F4000BF23E /* Default@2x.png in Resources */,
				84DB844716C802F4000BF23E /* Default-568h@2x.png in Resources */,
				84DB845516C80380000BF23E /* MRViewController.xib in Resources */,
				84DB845616C80380000BF23E /* ErrorKitExample-Application.xib in Resources */,
				84FA2665170FB483008A9DAA /* ErrorKit.strings in Resources */,
			);
			runOnlyForDeploymentPostprocessing = 0;
		};
/* End PBXResourcesBuildPhase section */

/* Begin PBXSourcesBuildPhase section */
		84DB842916C802F3000BF23E /* Sources */ = {
			isa = PBXSourcesBuildPhase;
			buildActionMask = 2147483647;
			files = (
				84DB843D16C802F3000BF23E /* main.m in Sources */,
				84DB844116C802F4000BF23E /* MRAppDelegate.m in Sources */,
				84DB844A16C802F4000BF23E /* MRViewController.m in Sources */,
				84C7473C17F8E056007DF279 /* MRAlertRecoveryAttempter.m in Sources */,
				84C7473D17F8E056007DF279 /* UIAlertView+ErrorKit.m in Sources */,
				84C7473E17F8E056007DF279 /* UIResponder+ErrorKit.m in Sources */,
				845990F417FA4F65008ADCD2 /* MRErrorFormatter+JSONValues.m in Sources */,
				845F6DD5181B0B1300D33BDC /* NSJSONSerialization+JSONValues.m in Sources */,
				845990F517FA4F65008ADCD2 /* NSArray+JSONValues.m in Sources */,
				845990F617FA4F65008ADCD2 /* NSDictionary+JSONValues.m in Sources */,
				845990F717FA4F65008ADCD2 /* NSMutableArray+JSONValues.m in Sources */,
				845990F817FA4F65008ADCD2 /* NSMutableDictionary+JSONValues.m in Sources */,
				84220DD817FE02400009C919 /* NSError+AFNetworking.m in Sources */,
				84220DDA17FE04180009C919 /* NSError+AVFoundation.m in Sources */,
				84220DDC17FE04B50009C919 /* NSError+CoreData.m in Sources */,
				84220DDE17FE05880009C919 /* NSError+FacebookSDK.m in Sources */,
				84220DE017FE06F60009C919 /* NSError+JSONKit.m in Sources */,
				84220DE217FE09100009C919 /* NSError+HTTP.m in Sources */,
				84220DE417FE0AEF0009C919 /* UIResponder+FacebookSDK.m in Sources */,
				84220DE917FE1DE50009C919 /* MRErrorBuilder+NSException.m in Sources */,
				84220DEA17FE1DE50009C919 /* MRErrorFormatter+NSException.m in Sources */,
				84220DEC17FE22610009C919 /* MRErrorBuilder+AFNetworking.m in Sources */,
				84220DEE17FE23410009C919 /* MRErrorBuilder+AVFoundation.m in Sources */,
				84220DF017FE23E60009C919 /* MRErrorBuilder+CoreData.m in Sources */,
				84220DF217FE246A0009C919 /* MRErrorBuilder+FacebookSDK.m in Sources */,
				84220DF417FE24FD0009C919 /* MRErrorBuilder+HTTP.m in Sources */,
				84220DF617FE277F0009C919 /* MRErrorBuilder+JSONKit.m in Sources */,
				84220DF917FE2EA40009C919 /* UIApplication+ErrorKit.m in Sources */,
				84220DFF17FE30DC0009C919 /* UIApplication+FacebookSDK.m in Sources */,
				841438CE1802160F00EF0704 /* MRAbstractRecoveryAttempter.m in Sources */,
				841438CF1802160F00EF0704 /* MRBlockRecoveryAttempter.m in Sources */,
				841438D01802160F00EF0704 /* MRChainedRecoveryAttempter.m in Sources */,
				841438D11802160F00EF0704 /* MRErrorBuilder.m in Sources */,
				841438D21802160F00EF0704 /* MRErrorFormatter.m in Sources */,
				841438D31802160F00EF0704 /* MRErrorFormatter+ErrorCode.m in Sources */,
				84AF4521181D836E00EFC96A /* NSError+Parse.m in Sources */,
				841438D41802160F00EF0704 /* NSError+ErrorKit.m in Sources */,
				840B600F180371A60090A142 /* MRErrorFormatter+Accounts.m in Sources */,
				840B60111803729D0090A142 /* MRErrorFormatter+Admob.m in Sources */,
				840B60131803732A0090A142 /* MRErrorFormatter+AVFoundation.m in Sources */,
				840B6015180373D50090A142 /* MRErrorFormatter+CoreData.m in Sources */,
				840B60171803748A0090A142 /* MRErrorFormatter+CoreLocation.m in Sources */,
				840B6019180375BD0090A142 /* MRErrorFormatter+FacebookSDK.m in Sources */,
				840B601B1803761E0090A142 /* MRErrorFormatter+HTTP.m in Sources */,
				840B601D180376FF0090A142 /* MRErrorFormatter+iAD.m in Sources */,
				840B601F180377540090A142 /* MRErrorFormatter+JSONKit.m in Sources */,
				84AF451F181D836E00EFC96A /* MRErrorBuilder+Parse.m in Sources */,
				840B60211803785B0090A142 /* MRErrorFormatter+MapKit.m in Sources */,
				840B6023180378F90090A142 /* MRErrorFormatter+MessageUI.m in Sources */,
				840B6025180379750090A142 /* MRErrorFormatter+Security.m in Sources */,
				840B6027180379EE0090A142 /* MRErrorFormatter+StoreKit.m in Sources */,
				840B602918037A360090A142 /* MRErrorFormatter+TransitionKit.m in Sources */,
				840B602B18037AF20090A142 /* MRErrorFormatter+VeriJSON.m in Sources */,
				8402077A1813DB5200C9A166 /* MRErrorBuilder+Additions.m in Sources */,
				84AF4520181D836E00EFC96A /* MRErrorFormatter+Parse.m in Sources */,
				8402077D1813DB6C00C9A166 /* NSError+Additions.m in Sources */,
			);
			runOnlyForDeploymentPostprocessing = 0;
		};
/* End PBXSourcesBuildPhase section */

/* Begin PBXVariantGroup section */
		84DB843916C802F3000BF23E /* InfoPlist.strings */ = {
			isa = PBXVariantGroup;
			children = (
				84DB843A16C802F3000BF23E /* en */,
				84DB847516C8242E000BF23E /* ca */,
				84DB847616C82432000BF23E /* es */,
			);
			name = InfoPlist.strings;
			sourceTree = "<group>";
		};
		84FA2663170FB483008A9DAA /* ErrorKit.strings */ = {
			isa = PBXVariantGroup;
			children = (
				84FA2664170FB483008A9DAA /* en */,
				84FA2666170FB48D008A9DAA /* es */,
				84FA2667170FB495008A9DAA /* ca */,
			);
			name = ErrorKit.strings;
			sourceTree = "<group>";
		};
/* End PBXVariantGroup section */

/* Begin XCBuildConfiguration section */
		84DB844E16C802F4000BF23E /* Debug */ = {
			isa = XCBuildConfiguration;
			buildSettings = {
				ALWAYS_SEARCH_USER_PATHS = NO;
				CLANG_CXX_LANGUAGE_STANDARD = "gnu++0x";
				CLANG_CXX_LIBRARY = "libc++";
				CLANG_ENABLE_OBJC_ARC = YES;
				CLANG_WARN_CONSTANT_CONVERSION = YES;
				CLANG_WARN_EMPTY_BODY = YES;
				CLANG_WARN_ENUM_CONVERSION = YES;
				CLANG_WARN_INT_CONVERSION = YES;
				CLANG_WARN__DUPLICATE_METHOD_MATCH = YES;
				"CODE_SIGN_IDENTITY[sdk=iphoneos*]" = "iPhone Developer";
				COPY_PHASE_STRIP = NO;
				GCC_C_LANGUAGE_STANDARD = gnu99;
				GCC_DYNAMIC_NO_PIC = NO;
				GCC_OPTIMIZATION_LEVEL = 0;
				GCC_PREPROCESSOR_DEFINITIONS = (
					"DEBUG=1",
					"$(inherited)",
				);
				GCC_SYMBOLS_PRIVATE_EXTERN = NO;
				GCC_WARN_ABOUT_RETURN_TYPE = YES;
				GCC_WARN_UNINITIALIZED_AUTOS = YES;
				GCC_WARN_UNUSED_VARIABLE = YES;
				IPHONEOS_DEPLOYMENT_TARGET = 5.0;
				ONLY_ACTIVE_ARCH = YES;
				SDKROOT = iphoneos;
			};
			name = Debug;
		};
		84DB844F16C802F4000BF23E /* Release */ = {
			isa = XCBuildConfiguration;
			buildSettings = {
				ALWAYS_SEARCH_USER_PATHS = NO;
				CLANG_CXX_LANGUAGE_STANDARD = "gnu++0x";
				CLANG_CXX_LIBRARY = "libc++";
				CLANG_ENABLE_OBJC_ARC = YES;
				CLANG_WARN_CONSTANT_CONVERSION = YES;
				CLANG_WARN_EMPTY_BODY = YES;
				CLANG_WARN_ENUM_CONVERSION = YES;
				CLANG_WARN_INT_CONVERSION = YES;
				CLANG_WARN__DUPLICATE_METHOD_MATCH = YES;
				"CODE_SIGN_IDENTITY[sdk=iphoneos*]" = "iPhone Developer";
				COPY_PHASE_STRIP = YES;
				GCC_C_LANGUAGE_STANDARD = gnu99;
				GCC_WARN_ABOUT_RETURN_TYPE = YES;
				GCC_WARN_UNINITIALIZED_AUTOS = YES;
				GCC_WARN_UNUSED_VARIABLE = YES;
				IPHONEOS_DEPLOYMENT_TARGET = 5.0;
				OTHER_CFLAGS = "-DNS_BLOCK_ASSERTIONS=1";
				SDKROOT = iphoneos;
				VALIDATE_PRODUCT = YES;
			};
			name = Release;
		};
		84DB845116C802F4000BF23E /* Debug */ = {
			isa = XCBuildConfiguration;
			buildSettings = {
				GCC_PRECOMPILE_PREFIX_HEADER = YES;
				GCC_PREFIX_HEADER = "ErrorKit-Example/ErrorKit-Example-Prefix.pch";
				INFOPLIST_FILE = "ErrorKit-Example/ErrorKit-Example-Info.plist";
				IPHONEOS_DEPLOYMENT_TARGET = 5.0;
				OTHER_LDFLAGS = "";
				PRODUCT_NAME = "$(TARGET_NAME)";
				WRAPPER_EXTENSION = app;
			};
			name = Debug;
		};
		84DB845216C802F4000BF23E /* Release */ = {
			isa = XCBuildConfiguration;
			buildSettings = {
				GCC_PRECOMPILE_PREFIX_HEADER = YES;
				GCC_PREFIX_HEADER = "ErrorKit-Example/ErrorKit-Example-Prefix.pch";
				INFOPLIST_FILE = "ErrorKit-Example/ErrorKit-Example-Info.plist";
				IPHONEOS_DEPLOYMENT_TARGET = 5.0;
				PRODUCT_NAME = "$(TARGET_NAME)";
				WRAPPER_EXTENSION = app;
			};
			name = Release;
		};
/* End XCBuildConfiguration section */

/* Begin XCConfigurationList section */
		84DB842816C802F3000BF23E /* Build configuration list for PBXProject "ErrorKit-Example" */ = {
			isa = XCConfigurationList;
			buildConfigurations = (
				84DB844E16C802F4000BF23E /* Debug */,
				84DB844F16C802F4000BF23E /* Release */,
			);
			defaultConfigurationIsVisible = 0;
			defaultConfigurationName = Release;
		};
		84DB845016C802F4000BF23E /* Build configuration list for PBXNativeTarget "ErrorKit-Example" */ = {
			isa = XCConfigurationList;
			buildConfigurations = (
				84DB845116C802F4000BF23E /* Debug */,
				84DB845216C802F4000BF23E /* Release */,
			);
			defaultConfigurationIsVisible = 0;
			defaultConfigurationName = Release;
		};
/* End XCConfigurationList section */
	};
	rootObject = 84DB842516C802F3000BF23E /* Project object */;
}
