// !$*UTF8*$!
{
	archiveVersion = 1;
	classes = {
	};
	objectVersion = 46;
	objects = {

/* Begin PBXBuildFile section */
		84DB843116C802F3000BF23E /* UIKit.framework in Frameworks */ = {isa = PBXBuildFile; fileRef = 84DB843016C802F3000BF23E /* UIKit.framework */; };
		84DB843316C802F3000BF23E /* Foundation.framework in Frameworks */ = {isa = PBXBuildFile; fileRef = 84DB843216C802F3000BF23E /* Foundation.framework */; };
		84DB843B16C802F3000BF23E /* InfoPlist.strings in Resources */ = {isa = PBXBuildFile; fileRef = 84DB843916C802F3000BF23E /* InfoPlist.strings */; };
		84DB843D16C802F3000BF23E /* main.m in Sources */ = {isa = PBXBuildFile; fileRef = 84DB843C16C802F3000BF23E /* main.m */; };
		84DB844116C802F4000BF23E /* MRAppDelegate.m in Sources */ = {isa = PBXBuildFile; fileRef = 84DB844016C802F4000BF23E /* MRAppDelegate.m */; };
		84DB844316C802F4000BF23E /* Default.png in Resources */ = {isa = PBXBuildFile; fileRef = 84DB844216C802F4000BF23E /* Default.png */; };
		84DB844516C802F4000BF23E /* Default@2x.png in Resources */ = {isa = PBXBuildFile; fileRef = 84DB844416C802F4000BF23E /* Default@2x.png */; };
		84DB844716C802F4000BF23E /* Default-568h@2x.png in Resources */ = {isa = PBXBuildFile; fileRef = 84DB844616C802F4000BF23E /* Default-568h@2x.png */; };
		84DB844A16C802F4000BF23E /* MRViewController.m in Sources */ = {isa = PBXBuildFile; fileRef = 84DB844916C802F4000BF23E /* MRViewController.m */; };
		84DB845516C80380000BF23E /* MRViewController.xib in Resources */ = {isa = PBXBuildFile; fileRef = 84DB845316C80380000BF23E /* MRViewController.xib */; };
		84DB845616C80380000BF23E /* ErrorKitExample-Application.xib in Resources */ = {isa = PBXBuildFile; fileRef = 84DB845416C80380000BF23E /* ErrorKitExample-Application.xib */; };
		84DB846E16C8048E000BF23E /* MRErrorBuilder.m in Sources */ = {isa = PBXBuildFile; fileRef = 84DB846516C8048E000BF23E /* MRErrorBuilder.m */; };
		84DB846F16C8048E000BF23E /* MRErrorFormatter.m in Sources */ = {isa = PBXBuildFile; fileRef = 84DB846716C8048E000BF23E /* MRErrorFormatter.m */; };
		84DB847016C8048E000BF23E /* NSError+ErrorKit.m in Sources */ = {isa = PBXBuildFile; fileRef = 84DB846B16C8048E000BF23E /* NSError+ErrorKit.m */; };
		84DB847116C8048E000BF23E /* UIAlertView+ErrorKit.m in Sources */ = {isa = PBXBuildFile; fileRef = 84DB846D16C8048E000BF23E /* UIAlertView+ErrorKit.m */; };
		84DCF7C916EC0CFF00F50750 /* MRErrorFormatter+ErrorCode.m in Sources */ = {isa = PBXBuildFile; fileRef = 84DCF7C816EC0CFF00F50750 /* MRErrorFormatter+ErrorCode.m */; };
		84EB27E316EAD98700F98BD0 /* MRAlertRecoveryAttempter.m in Sources */ = {isa = PBXBuildFile; fileRef = 84EB27DC16EAD98600F98BD0 /* MRAlertRecoveryAttempter.m */; };
		84EB27E416EAD98700F98BD0 /* MRBlockRecoveryAttempter.m in Sources */ = {isa = PBXBuildFile; fileRef = 84EB27DE16EAD98700F98BD0 /* MRBlockRecoveryAttempter.m */; };
		84EB27E516EAD98700F98BD0 /* MRAbstractRecoveryAttempter.m in Sources */ = {isa = PBXBuildFile; fileRef = 84EB27E016EAD98700F98BD0 /* MRAbstractRecoveryAttempter.m */; };
		84EB27E616EAD98700F98BD0 /* UIResponder+ErrorKit.m in Sources */ = {isa = PBXBuildFile; fileRef = 84EB27E216EAD98700F98BD0 /* UIResponder+ErrorKit.m */; };
		84EB6BA2173176C5002AECC2 /* MRChainedRecoveryAttempter.m in Sources */ = {isa = PBXBuildFile; fileRef = 84EB6BA1173176C5002AECC2 /* MRChainedRecoveryAttempter.m */; };
		84F2FFA41724A9E30030D957 /* MRErrorBuilder+NSException.m in Sources */ = {isa = PBXBuildFile; fileRef = 84F2FFA31724A9E30030D957 /* MRErrorBuilder+NSException.m */; };
		84FA2665170FB483008A9DAA /* ErrorKit.strings in Resources */ = {isa = PBXBuildFile; fileRef = 84FA2663170FB483008A9DAA /* ErrorKit.strings */; };
/* End PBXBuildFile section */

/* Begin PBXFileReference section */
		84040EF6173826EF00548BE6 /* NSError_HTTP.h */ = {isa = PBXFileReference; lastKnownFileType = sourcecode.c.h; name = NSError_HTTP.h; path = ../../ErrorKit/HTTP/NSError_HTTP.h; sourceTree = "<group>"; };
		8416764A1753FFAF00DB89F6 /* ErrorKitImports.h */ = {isa = PBXFileReference; fileEncoding = 4; lastKnownFileType = sourcecode.c.h; name = ErrorKitImports.h; path = ../../ErrorKit/ErrorKitImports.h; sourceTree = "<group>"; };
		8419D1F2171B539500143B54 /* ErrorKitDefines.h */ = {isa = PBXFileReference; lastKnownFileType = sourcecode.c.h; name = ErrorKitDefines.h; path = ../../ErrorKit/ErrorKitDefines.h; sourceTree = "<group>"; };
		8458E357174ECD38003DB731 /* MRErrorFormatter_CoreData.h */ = {isa = PBXFileReference; fileEncoding = 4; lastKnownFileType = sourcecode.c.h; name = MRErrorFormatter_CoreData.h; path = ../../ErrorKit/CoreData/MRErrorFormatter_CoreData.h; sourceTree = "<group>"; };
		84B2B394174AB5AF004E8ED3 /* UIResponder_FacebookSDK.h */ = {isa = PBXFileReference; fileEncoding = 4; lastKnownFileType = sourcecode.c.h; name = UIResponder_FacebookSDK.h; path = ../../ErrorKit/FacebookSDK/UIResponder_FacebookSDK.h; sourceTree = "<group>"; };
		84D84C22171F485D00EBA843 /* MRErrorFormatter_AVFoundation.h */ = {isa = PBXFileReference; lastKnownFileType = sourcecode.c.h; name = MRErrorFormatter_AVFoundation.h; path = ../../ErrorKit/AVFoundation/MRErrorFormatter_AVFoundation.h; sourceTree = "<group>"; };
		84DB842D16C802F3000BF23E /* ErrorKit-Example.app */ = {isa = PBXFileReference; explicitFileType = wrapper.application; includeInIndex = 0; path = "ErrorKit-Example.app"; sourceTree = BUILT_PRODUCTS_DIR; };
		84DB843016C802F3000BF23E /* UIKit.framework */ = {isa = PBXFileReference; lastKnownFileType = wrapper.framework; name = UIKit.framework; path = System/Library/Frameworks/UIKit.framework; sourceTree = SDKROOT; };
		84DB843216C802F3000BF23E /* Foundation.framework */ = {isa = PBXFileReference; lastKnownFileType = wrapper.framework; name = Foundation.framework; path = System/Library/Frameworks/Foundation.framework; sourceTree = SDKROOT; };
		84DB843816C802F3000BF23E /* ErrorKit-Example-Info.plist */ = {isa = PBXFileReference; lastKnownFileType = text.plist.xml; path = "ErrorKit-Example-Info.plist"; sourceTree = "<group>"; };
		84DB843A16C802F3000BF23E /* en */ = {isa = PBXFileReference; lastKnownFileType = text.plist.strings; name = en; path = en.lproj/InfoPlist.strings; sourceTree = "<group>"; };
		84DB843C16C802F3000BF23E /* main.m */ = {isa = PBXFileReference; lastKnownFileType = sourcecode.c.objc; path = main.m; sourceTree = "<group>"; };
		84DB843E16C802F3000BF23E /* ErrorKit-Example-Prefix.pch */ = {isa = PBXFileReference; lastKnownFileType = sourcecode.c.h; path = "ErrorKit-Example-Prefix.pch"; sourceTree = "<group>"; };
		84DB843F16C802F3000BF23E /* MRAppDelegate.h */ = {isa = PBXFileReference; lastKnownFileType = sourcecode.c.h; path = MRAppDelegate.h; sourceTree = "<group>"; };
		84DB844016C802F4000BF23E /* MRAppDelegate.m */ = {isa = PBXFileReference; lastKnownFileType = sourcecode.c.objc; path = MRAppDelegate.m; sourceTree = "<group>"; };
		84DB844216C802F4000BF23E /* Default.png */ = {isa = PBXFileReference; lastKnownFileType = image.png; path = Default.png; sourceTree = "<group>"; };
		84DB844416C802F4000BF23E /* Default@2x.png */ = {isa = PBXFileReference; lastKnownFileType = image.png; path = "Default@2x.png"; sourceTree = "<group>"; };
		84DB844616C802F4000BF23E /* Default-568h@2x.png */ = {isa = PBXFileReference; lastKnownFileType = image.png; path = "Default-568h@2x.png"; sourceTree = "<group>"; };
		84DB844816C802F4000BF23E /* MRViewController.h */ = {isa = PBXFileReference; lastKnownFileType = sourcecode.c.h; path = MRViewController.h; sourceTree = "<group>"; };
		84DB844916C802F4000BF23E /* MRViewController.m */ = {isa = PBXFileReference; lastKnownFileType = sourcecode.c.objc; path = MRViewController.m; sourceTree = "<group>"; };
		84DB845316C80380000BF23E /* MRViewController.xib */ = {isa = PBXFileReference; fileEncoding = 4; lastKnownFileType = file.xib; path = MRViewController.xib; sourceTree = "<group>"; };
		84DB845416C80380000BF23E /* ErrorKitExample-Application.xib */ = {isa = PBXFileReference; fileEncoding = 4; lastKnownFileType = file.xib; path = "ErrorKitExample-Application.xib"; sourceTree = "<group>"; };
		84DB846116C8048E000BF23E /* ErrorKit.h */ = {isa = PBXFileReference; fileEncoding = 4; lastKnownFileType = sourcecode.c.h; name = ErrorKit.h; path = ../../ErrorKit/ErrorKit.h; sourceTree = "<group>"; };
		84DB846416C8048E000BF23E /* MRErrorBuilder.h */ = {isa = PBXFileReference; fileEncoding = 4; lastKnownFileType = sourcecode.c.h; name = MRErrorBuilder.h; path = ../../ErrorKit/MRErrorBuilder.h; sourceTree = "<group>"; };
		84DB846516C8048E000BF23E /* MRErrorBuilder.m */ = {isa = PBXFileReference; fileEncoding = 4; lastKnownFileType = sourcecode.c.objc; name = MRErrorBuilder.m; path = ../../ErrorKit/MRErrorBuilder.m; sourceTree = "<group>"; };
		84DB846616C8048E000BF23E /* MRErrorFormatter.h */ = {isa = PBXFileReference; fileEncoding = 4; lastKnownFileType = sourcecode.c.h; name = MRErrorFormatter.h; path = ../../ErrorKit/MRErrorFormatter.h; sourceTree = "<group>"; };
		84DB846716C8048E000BF23E /* MRErrorFormatter.m */ = {isa = PBXFileReference; fileEncoding = 4; lastKnownFileType = sourcecode.c.objc; name = MRErrorFormatter.m; path = ../../ErrorKit/MRErrorFormatter.m; sourceTree = "<group>"; };
		84DB846A16C8048E000BF23E /* NSError+ErrorKit.h */ = {isa = PBXFileReference; fileEncoding = 4; lastKnownFileType = sourcecode.c.h; name = "NSError+ErrorKit.h"; path = "../../ErrorKit/NSError+ErrorKit.h"; sourceTree = "<group>"; };
		84DB846B16C8048E000BF23E /* NSError+ErrorKit.m */ = {isa = PBXFileReference; fileEncoding = 4; lastKnownFileType = sourcecode.c.objc; name = "NSError+ErrorKit.m"; path = "../../ErrorKit/NSError+ErrorKit.m"; sourceTree = "<group>"; };
		84DB846C16C8048E000BF23E /* UIAlertView+ErrorKit.h */ = {isa = PBXFileReference; fileEncoding = 4; lastKnownFileType = sourcecode.c.h; name = "UIAlertView+ErrorKit.h"; path = "../../ErrorKit/UIAlertView+ErrorKit.h"; sourceTree = "<group>"; };
		84DB846D16C8048E000BF23E /* UIAlertView+ErrorKit.m */ = {isa = PBXFileReference; fileEncoding = 4; lastKnownFileType = sourcecode.c.objc; name = "UIAlertView+ErrorKit.m"; path = "../../ErrorKit/UIAlertView+ErrorKit.m"; sourceTree = "<group>"; };
		84DB847516C8242E000BF23E /* ca */ = {isa = PBXFileReference; lastKnownFileType = text.plist.strings; name = ca; path = ca.lproj/InfoPlist.strings; sourceTree = "<group>"; };
		84DB847616C82432000BF23E /* es */ = {isa = PBXFileReference; lastKnownFileType = text.plist.strings; name = es; path = es.lproj/InfoPlist.strings; sourceTree = "<group>"; };
		84DCF7C716EC0CFF00F50750 /* MRErrorFormatter+ErrorCode.h */ = {isa = PBXFileReference; fileEncoding = 4; lastKnownFileType = sourcecode.c.h; name = "MRErrorFormatter+ErrorCode.h"; path = "../../ErrorKit/MRErrorFormatter+ErrorCode.h"; sourceTree = "<group>"; };
		84DCF7C816EC0CFF00F50750 /* MRErrorFormatter+ErrorCode.m */ = {isa = PBXFileReference; fileEncoding = 4; lastKnownFileType = sourcecode.c.objc; name = "MRErrorFormatter+ErrorCode.m"; path = "../../ErrorKit/MRErrorFormatter+ErrorCode.m"; sourceTree = "<group>"; };
		84EB27DB16EAD98600F98BD0 /* MRAlertRecoveryAttempter.h */ = {isa = PBXFileReference; fileEncoding = 4; lastKnownFileType = sourcecode.c.h; name = MRAlertRecoveryAttempter.h; path = ../../ErrorKit/MRAlertRecoveryAttempter.h; sourceTree = "<group>"; };
		84EB27DC16EAD98600F98BD0 /* MRAlertRecoveryAttempter.m */ = {isa = PBXFileReference; fileEncoding = 4; lastKnownFileType = sourcecode.c.objc; name = MRAlertRecoveryAttempter.m; path = ../../ErrorKit/MRAlertRecoveryAttempter.m; sourceTree = "<group>"; };
		84EB27DD16EAD98700F98BD0 /* MRBlockRecoveryAttempter.h */ = {isa = PBXFileReference; fileEncoding = 4; lastKnownFileType = sourcecode.c.h; name = MRBlockRecoveryAttempter.h; path = ../../ErrorKit/MRBlockRecoveryAttempter.h; sourceTree = "<group>"; };
		84EB27DE16EAD98700F98BD0 /* MRBlockRecoveryAttempter.m */ = {isa = PBXFileReference; fileEncoding = 4; lastKnownFileType = sourcecode.c.objc; name = MRBlockRecoveryAttempter.m; path = ../../ErrorKit/MRBlockRecoveryAttempter.m; sourceTree = "<group>"; };
		84EB27DF16EAD98700F98BD0 /* MRAbstractRecoveryAttempter.h */ = {isa = PBXFileReference; fileEncoding = 4; lastKnownFileType = sourcecode.c.h; name = MRAbstractRecoveryAttempter.h; path = ../../ErrorKit/MRAbstractRecoveryAttempter.h; sourceTree = "<group>"; };
		84EB27E016EAD98700F98BD0 /* MRAbstractRecoveryAttempter.m */ = {isa = PBXFileReference; fileEncoding = 4; lastKnownFileType = sourcecode.c.objc; name = MRAbstractRecoveryAttempter.m; path = ../../ErrorKit/MRAbstractRecoveryAttempter.m; sourceTree = "<group>"; };
		84EB27E116EAD98700F98BD0 /* UIResponder+ErrorKit.h */ = {isa = PBXFileReference; fileEncoding = 4; lastKnownFileType = sourcecode.c.h; name = "UIResponder+ErrorKit.h"; path = "../../ErrorKit/UIResponder+ErrorKit.h"; sourceTree = "<group>"; };
		84EB27E216EAD98700F98BD0 /* UIResponder+ErrorKit.m */ = {isa = PBXFileReference; fileEncoding = 4; lastKnownFileType = sourcecode.c.objc; name = "UIResponder+ErrorKit.m"; path = "../../ErrorKit/UIResponder+ErrorKit.m"; sourceTree = "<group>"; };
		84EB6BA0173176C5002AECC2 /* MRChainedRecoveryAttempter.h */ = {isa = PBXFileReference; fileEncoding = 4; lastKnownFileType = sourcecode.c.h; name = MRChainedRecoveryAttempter.h; path = ../../ErrorKit/MRChainedRecoveryAttempter.h; sourceTree = "<group>"; };
		84EB6BA1173176C5002AECC2 /* MRChainedRecoveryAttempter.m */ = {isa = PBXFileReference; fileEncoding = 4; lastKnownFileType = sourcecode.c.objc; name = MRChainedRecoveryAttempter.m; path = ../../ErrorKit/MRChainedRecoveryAttempter.m; sourceTree = "<group>"; };
		84F2FFA21724A9AF0030D957 /* MRErrorBuilder+NSException.h */ = {isa = PBXFileReference; lastKnownFileType = sourcecode.c.h; name = "MRErrorBuilder+NSException.h"; path = "../../ErrorKit/MRErrorBuilder+NSException.h"; sourceTree = "<group>"; };
		84F2FFA31724A9E30030D957 /* MRErrorBuilder+NSException.m */ = {isa = PBXFileReference; fileEncoding = 4; lastKnownFileType = sourcecode.c.objc; name = "MRErrorBuilder+NSException.m"; path = "../../ErrorKit/MRErrorBuilder+NSException.m"; sourceTree = "<group>"; };
		84F691DE171F2B50002C8F4F /* MRErrorBuilder_AVFoundation.h */ = {isa = PBXFileReference; lastKnownFileType = sourcecode.c.h; name = MRErrorBuilder_AVFoundation.h; path = ../../ErrorKit/AVFoundation/MRErrorBuilder_AVFoundation.h; sourceTree = "<group>"; };
		84F691DF171F3542002C8F4F /* NSError_AVFoundation.h */ = {isa = PBXFileReference; lastKnownFileType = sourcecode.c.h; name = NSError_AVFoundation.h; path = ../../ErrorKit/AVFoundation/NSError_AVFoundation.h; sourceTree = "<group>"; };
		84F8AEAF1715FF0D001E1FD4 /* NSError_AFNetworking.h */ = {isa = PBXFileReference; fileEncoding = 4; lastKnownFileType = sourcecode.c.h; name = NSError_AFNetworking.h; path = ../../ErrorKit/AFNetworking/NSError_AFNetworking.h; sourceTree = "<group>"; };
		84F8AEB01715FF35001E1FD4 /* NSError_CoreData.h */ = {isa = PBXFileReference; fileEncoding = 4; lastKnownFileType = sourcecode.c.h; name = NSError_CoreData.h; path = ../../ErrorKit/CoreData/NSError_CoreData.h; sourceTree = "<group>"; };
		84F8AEB21715FF4E001E1FD4 /* NSError_FacebookSDK.h */ = {isa = PBXFileReference; fileEncoding = 4; lastKnownFileType = sourcecode.c.h; name = NSError_FacebookSDK.h; path = ../../ErrorKit/FacebookSDK/NSError_FacebookSDK.h; sourceTree = "<group>"; };
		84F8AEB31715FF5B001E1FD4 /* NSError_JSONKit.h */ = {isa = PBXFileReference; fileEncoding = 4; lastKnownFileType = sourcecode.c.h; name = NSError_JSONKit.h; path = ../../ErrorKit/JSONKit/NSError_JSONKit.h; sourceTree = "<group>"; };
		84F8AEB41715FF77001E1FD4 /* MRErrorBuilder_AFNetworking.h */ = {isa = PBXFileReference; fileEncoding = 4; lastKnownFileType = sourcecode.c.h; name = MRErrorBuilder_AFNetworking.h; path = ../../ErrorKit/AFNetworking/MRErrorBuilder_AFNetworking.h; sourceTree = "<group>"; };
		84F8AEB51715FF8C001E1FD4 /* MRErrorBuilder_CoreData.h */ = {isa = PBXFileReference; fileEncoding = 4; lastKnownFileType = sourcecode.c.h; name = MRErrorBuilder_CoreData.h; path = ../../ErrorKit/CoreData/MRErrorBuilder_CoreData.h; sourceTree = "<group>"; };
		84F8AEB71715FFA9001E1FD4 /* MRErrorBuilder_FacebookSDK.h */ = {isa = PBXFileReference; fileEncoding = 4; lastKnownFileType = sourcecode.c.h; name = MRErrorBuilder_FacebookSDK.h; path = ../../ErrorKit/FacebookSDK/MRErrorBuilder_FacebookSDK.h; sourceTree = "<group>"; };
		84F8AEB81715FFB9001E1FD4 /* MRErrorBuilder_JSONKit.h */ = {isa = PBXFileReference; fileEncoding = 4; lastKnownFileType = sourcecode.c.h; name = MRErrorBuilder_JSONKit.h; path = ../../ErrorKit/JSONKit/MRErrorBuilder_JSONKit.h; sourceTree = "<group>"; };
		84F8AEB91715FFE3001E1FD4 /* MRErrorFormatter_Accounts.h */ = {isa = PBXFileReference; fileEncoding = 4; lastKnownFileType = sourcecode.c.h; name = MRErrorFormatter_Accounts.h; path = ../../ErrorKit/Accounts/MRErrorFormatter_Accounts.h; sourceTree = "<group>"; };
		84F8AEBA1715FFF5001E1FD4 /* MRErrorFormatter_Admob.h */ = {isa = PBXFileReference; fileEncoding = 4; lastKnownFileType = sourcecode.c.h; name = MRErrorFormatter_Admob.h; path = ../../ErrorKit/Admob/MRErrorFormatter_Admob.h; sourceTree = "<group>"; };
		84F8AEBB1715FFFF001E1FD4 /* MRErrorFormatter_CoreLocation.h */ = {isa = PBXFileReference; fileEncoding = 4; lastKnownFileType = sourcecode.c.h; name = MRErrorFormatter_CoreLocation.h; path = ../../ErrorKit/CoreLocation/MRErrorFormatter_CoreLocation.h; sourceTree = "<group>"; };
		84F8AEBC17160008001E1FD4 /* MRErrorFormatter_FacebookSDK.h */ = {isa = PBXFileReference; fileEncoding = 4; lastKnownFileType = sourcecode.c.h; name = MRErrorFormatter_FacebookSDK.h; path = ../../ErrorKit/FacebookSDK/MRErrorFormatter_FacebookSDK.h; sourceTree = "<group>"; };
		84F8AEBD17160019001E1FD4 /* MRErrorFormatter_HTTP.h */ = {isa = PBXFileReference; fileEncoding = 4; lastKnownFileType = sourcecode.c.h; name = MRErrorFormatter_HTTP.h; path = ../../ErrorKit/HTTP/MRErrorFormatter_HTTP.h; sourceTree = "<group>"; };
		84F8AEBE17160023001E1FD4 /* MRErrorFormatter_iAD.h */ = {isa = PBXFileReference; fileEncoding = 4; lastKnownFileType = sourcecode.c.h; name = MRErrorFormatter_iAD.h; path = ../../ErrorKit/iAD/MRErrorFormatter_iAD.h; sourceTree = "<group>"; };
		84F8AEBF17160031001E1FD4 /* MRErrorFormatter_JSONKit.h */ = {isa = PBXFileReference; fileEncoding = 4; lastKnownFileType = sourcecode.c.h; name = MRErrorFormatter_JSONKit.h; path = ../../ErrorKit/JSONKit/MRErrorFormatter_JSONKit.h; sourceTree = "<group>"; };
		84F8AEC01716003F001E1FD4 /* MRErrorFormatter_MapKit.h */ = {isa = PBXFileReference; fileEncoding = 4; lastKnownFileType = sourcecode.c.h; name = MRErrorFormatter_MapKit.h; path = ../../ErrorKit/MapKit/MRErrorFormatter_MapKit.h; sourceTree = "<group>"; };
		84F8AEC117160048001E1FD4 /* MRErrorFormatter_MessageUI.h */ = {isa = PBXFileReference; fileEncoding = 4; lastKnownFileType = sourcecode.c.h; name = MRErrorFormatter_MessageUI.h; path = ../../ErrorKit/MessageUI/MRErrorFormatter_MessageUI.h; sourceTree = "<group>"; };
		84F8AEC217160056001E1FD4 /* MRErrorFormatter_Security.h */ = {isa = PBXFileReference; fileEncoding = 4; lastKnownFileType = sourcecode.c.h; name = MRErrorFormatter_Security.h; path = ../../ErrorKit/Security/MRErrorFormatter_Security.h; sourceTree = "<group>"; };
		84F8AEC317160063001E1FD4 /* MRErrorFormatter_StoreKit.h */ = {isa = PBXFileReference; fileEncoding = 4; lastKnownFileType = sourcecode.c.h; name = MRErrorFormatter_StoreKit.h; path = ../../ErrorKit/StoreKit/MRErrorFormatter_StoreKit.h; sourceTree = "<group>"; };
		84F8AEC41716006D001E1FD4 /* MRErrorFormatter_TransitionKit.h */ = {isa = PBXFileReference; fileEncoding = 4; lastKnownFileType = sourcecode.c.h; name = MRErrorFormatter_TransitionKit.h; path = ../../ErrorKit/TransitionKit/MRErrorFormatter_TransitionKit.h; sourceTree = "<group>"; };
		84FA2664170FB483008A9DAA /* en */ = {isa = PBXFileReference; lastKnownFileType = text.plist.strings; name = en; path = en.lproj/ErrorKit.strings; sourceTree = "<group>"; };
		84FA2666170FB48D008A9DAA /* es */ = {isa = PBXFileReference; lastKnownFileType = text.plist.strings; name = es; path = es.lproj/ErrorKit.strings; sourceTree = "<group>"; };
		84FA2667170FB495008A9DAA /* ca */ = {isa = PBXFileReference; lastKnownFileType = text.plist.strings; name = ca; path = ca.lproj/ErrorKit.strings; sourceTree = "<group>"; };
		84FCBBF41739700C00EB7E29 /* MRErrorBuilder_HTTP.h */ = {isa = PBXFileReference; lastKnownFileType = sourcecode.c.h; name = MRErrorBuilder_HTTP.h; path = ../../ErrorKit/HTTP/MRErrorBuilder_HTTP.h; sourceTree = "<group>"; };
/* End PBXFileReference section */

/* Begin PBXFrameworksBuildPhase section */
		84DB842A16C802F3000BF23E /* Frameworks */ = {
			isa = PBXFrameworksBuildPhase;
			buildActionMask = 2147483647;
			files = (
				84DB843116C802F3000BF23E /* UIKit.framework in Frameworks */,
				84DB843316C802F3000BF23E /* Foundation.framework in Frameworks */,
			);
			runOnlyForDeploymentPostprocessing = 0;
		};
/* End PBXFrameworksBuildPhase section */

/* Begin PBXGroup section */
		84DB842416C802F3000BF23E = {
			isa = PBXGroup;
			children = (
				84DB843616C802F3000BF23E /* ErrorKit-Example */,
				84DB846016C8046D000BF23E /* ErrorKit */,
				84DB842F16C802F3000BF23E /* Frameworks */,
				84DB842E16C802F3000BF23E /* Products */,
			);
			sourceTree = "<group>";
		};
		84DB842E16C802F3000BF23E /* Products */ = {
			isa = PBXGroup;
			children = (
				84DB842D16C802F3000BF23E /* ErrorKit-Example.app */,
			);
			name = Products;
			sourceTree = "<group>";
		};
		84DB842F16C802F3000BF23E /* Frameworks */ = {
			isa = PBXGroup;
			children = (
				84DB843016C802F3000BF23E /* UIKit.framework */,
				84DB843216C802F3000BF23E /* Foundation.framework */,
			);
			name = Frameworks;
			sourceTree = "<group>";
		};
		84DB843616C802F3000BF23E /* ErrorKit-Example */ = {
			isa = PBXGroup;
			children = (
				84DB843F16C802F3000BF23E /* MRAppDelegate.h */,
				84DB844016C802F4000BF23E /* MRAppDelegate.m */,
				84DB844816C802F4000BF23E /* MRViewController.h */,
				84DB844916C802F4000BF23E /* MRViewController.m */,
				84DB845316C80380000BF23E /* MRViewController.xib */,
				84DB843716C802F3000BF23E /* Supporting Files */,
			);
			path = "ErrorKit-Example";
			sourceTree = "<group>";
		};
		84DB843716C802F3000BF23E /* Supporting Files */ = {
			isa = PBXGroup;
			children = (
				84FA2663170FB483008A9DAA /* ErrorKit.strings */,
				84DB843816C802F3000BF23E /* ErrorKit-Example-Info.plist */,
				84DB843916C802F3000BF23E /* InfoPlist.strings */,
				84DB843C16C802F3000BF23E /* main.m */,
				84DB843E16C802F3000BF23E /* ErrorKit-Example-Prefix.pch */,
				84DB844216C802F4000BF23E /* Default.png */,
				84DB844416C802F4000BF23E /* Default@2x.png */,
				84DB844616C802F4000BF23E /* Default-568h@2x.png */,
				84DB845416C80380000BF23E /* ErrorKitExample-Application.xib */,
			);
			name = "Supporting Files";
			sourceTree = "<group>";
		};
		84DB846016C8046D000BF23E /* ErrorKit */ = {
			isa = PBXGroup;
			children = (
				84DB846116C8048E000BF23E /* ErrorKit.h */,
				8419D1F2171B539500143B54 /* ErrorKitDefines.h */,
				8416764A1753FFAF00DB89F6 /* ErrorKitImports.h */,
				84EB27EA16EADA9400F98BD0 /* access */,
				84EB27E716EAD9E300F98BD0 /* build */,
				84DCF7CA16EC0D4F00F50750 /* format */,
				84EB27E816EAD9F000F98BD0 /* present */,
				84EB27E916EADA3600F98BD0 /* recover */,
			);
			name = ErrorKit;
			path = "ErrorKit-Example";
			sourceTree = "<group>";
		};
		84DCF7CA16EC0D4F00F50750 /* format */ = {
			isa = PBXGroup;
			children = (
				84DB846616C8048E000BF23E /* MRErrorFormatter.h */,
				84DB846716C8048E000BF23E /* MRErrorFormatter.m */,
				84DCF7C716EC0CFF00F50750 /* MRErrorFormatter+ErrorCode.h */,
				84DCF7C816EC0CFF00F50750 /* MRErrorFormatter+ErrorCode.m */,
				84F8AEB91715FFE3001E1FD4 /* MRErrorFormatter_Accounts.h */,
				84F8AEBA1715FFF5001E1FD4 /* MRErrorFormatter_Admob.h */,
				84D84C22171F485D00EBA843 /* MRErrorFormatter_AVFoundation.h */,
				8458E357174ECD38003DB731 /* MRErrorFormatter_CoreData.h */,
				84F8AEBB1715FFFF001E1FD4 /* MRErrorFormatter_CoreLocation.h */,
				84F8AEBC17160008001E1FD4 /* MRErrorFormatter_FacebookSDK.h */,
				84F8AEBD17160019001E1FD4 /* MRErrorFormatter_HTTP.h */,
				84F8AEBE17160023001E1FD4 /* MRErrorFormatter_iAD.h */,
				84F8AEBF17160031001E1FD4 /* MRErrorFormatter_JSONKit.h */,
				84F8AEC01716003F001E1FD4 /* MRErrorFormatter_MapKit.h */,
				84F8AEC117160048001E1FD4 /* MRErrorFormatter_MessageUI.h */,
				84F8AEC217160056001E1FD4 /* MRErrorFormatter_Security.h */,
				84F8AEC317160063001E1FD4 /* MRErrorFormatter_StoreKit.h */,
				84F8AEC41716006D001E1FD4 /* MRErrorFormatter_TransitionKit.h */,
			);
			name = format;
			sourceTree = "<group>";
		};
		84EB27E716EAD9E300F98BD0 /* build */ = {
			isa = PBXGroup;
			children = (
				84DB846416C8048E000BF23E /* MRErrorBuilder.h */,
				84DB846516C8048E000BF23E /* MRErrorBuilder.m */,
				84F2FFA21724A9AF0030D957 /* MRErrorBuilder+NSException.h */,
				84F2FFA31724A9E30030D957 /* MRErrorBuilder+NSException.m */,
				84F8AEB41715FF77001E1FD4 /* MRErrorBuilder_AFNetworking.h */,
				84F691DE171F2B50002C8F4F /* MRErrorBuilder_AVFoundation.h */,
				84F8AEB51715FF8C001E1FD4 /* MRErrorBuilder_CoreData.h */,
				84F8AEB71715FFA9001E1FD4 /* MRErrorBuilder_FacebookSDK.h */,
				84FCBBF41739700C00EB7E29 /* MRErrorBuilder_HTTP.h */,
				84F8AEB81715FFB9001E1FD4 /* MRErrorBuilder_JSONKit.h */,
			);
			name = build;
			sourceTree = "<group>";
		};
		84EB27E816EAD9F000F98BD0 /* present */ = {
			isa = PBXGroup;
			children = (
				84DB846C16C8048E000BF23E /* UIAlertView+ErrorKit.h */,
				84DB846D16C8048E000BF23E /* UIAlertView+ErrorKit.m */,
				84EB27E116EAD98700F98BD0 /* UIResponder+ErrorKit.h */,
				84EB27E216EAD98700F98BD0 /* UIResponder+ErrorKit.m */,
				84B2B394174AB5AF004E8ED3 /* UIResponder_FacebookSDK.h */,
			);
			name = present;
			sourceTree = "<group>";
		};
		84EB27E916EADA3600F98BD0 /* recover */ = {
			isa = PBXGroup;
			children = (
				84EB27DF16EAD98700F98BD0 /* MRAbstractRecoveryAttempter.h */,
				84EB27E016EAD98700F98BD0 /* MRAbstractRecoveryAttempter.m */,
				84EB27DD16EAD98700F98BD0 /* MRBlockRecoveryAttempter.h */,
				84EB27DE16EAD98700F98BD0 /* MRBlockRecoveryAttempter.m */,
				84EB27DB16EAD98600F98BD0 /* MRAlertRecoveryAttempter.h */,
				84EB27DC16EAD98600F98BD0 /* MRAlertRecoveryAttempter.m */,
				84EB6BA0173176C5002AECC2 /* MRChainedRecoveryAttempter.h */,
				84EB6BA1173176C5002AECC2 /* MRChainedRecoveryAttempter.m */,
			);
			name = recover;
			sourceTree = "<group>";
		};
		84EB27EA16EADA9400F98BD0 /* access */ = {
			isa = PBXGroup;
			children = (
				84DB846A16C8048E000BF23E /* NSError+ErrorKit.h */,
				84DB846B16C8048E000BF23E /* NSError+ErrorKit.m */,
				84F8AEAF1715FF0D001E1FD4 /* NSError_AFNetworking.h */,
				84F691DF171F3542002C8F4F /* NSError_AVFoundation.h */,
				84F8AEB01715FF35001E1FD4 /* NSError_CoreData.h */,
				84F8AEB21715FF4E001E1FD4 /* NSError_FacebookSDK.h */,
				84040EF6173826EF00548BE6 /* NSError_HTTP.h */,
				84F8AEB31715FF5B001E1FD4 /* NSError_JSONKit.h */,
			);
			name = access;
			sourceTree = "<group>";
		};
/* End PBXGroup section */

/* Begin PBXNativeTarget section */
		84DB842C16C802F3000BF23E /* ErrorKit-Example */ = {
			isa = PBXNativeTarget;
			buildConfigurationList = 84DB845016C802F4000BF23E /* Build configuration list for PBXNativeTarget "ErrorKit-Example" */;
			buildPhases = (
				84DB842916C802F3000BF23E /* Sources */,
				84DB842A16C802F3000BF23E /* Frameworks */,
				84DB842B16C802F3000BF23E /* Resources */,
			);
			buildRules = (
			);
			dependencies = (
			);
			name = "ErrorKit-Example";
			productName = "ErrorKit-Example";
			productReference = 84DB842D16C802F3000BF23E /* ErrorKit-Example.app */;
			productType = "com.apple.product-type.application";
		};
/* End PBXNativeTarget section */

/* Begin PBXProject section */
		84DB842516C802F3000BF23E /* Project object */ = {
			isa = PBXProject;
			attributes = {
				CLASSPREFIX = MR;
				LastUpgradeCheck = 0460;
			};
			buildConfigurationList = 84DB842816C802F3000BF23E /* Build configuration list for PBXProject "ErrorKit-Example" */;
			compatibilityVersion = "Xcode 3.2";
			developmentRegion = English;
			hasScannedForEncodings = 0;
			knownRegions = (
				en,
				ca,
				es,
			);
			mainGroup = 84DB842416C802F3000BF23E;
			productRefGroup = 84DB842E16C802F3000BF23E /* Products */;
			projectDirPath = "";
			projectRoot = "";
			targets = (
				84DB842C16C802F3000BF23E /* ErrorKit-Example */,
			);
		};
/* End PBXProject section */

/* Begin PBXResourcesBuildPhase section */
		84DB842B16C802F3000BF23E /* Resources */ = {
			isa = PBXResourcesBuildPhase;
			buildActionMask = 2147483647;
			files = (
				84DB843B16C802F3000BF23E /* InfoPlist.strings in Resources */,
				84DB844316C802F4000BF23E /* Default.png in Resources */,
				84DB844516C802F4000BF23E /* Default@2x.png in Resources */,
				84DB844716C802F4000BF23E /* Default-568h@2x.png in Resources */,
				84DB845516C80380000BF23E /* MRViewController.xib in Resources */,
				84DB845616C80380000BF23E /* ErrorKitExample-Application.xib in Resources */,
				84FA2665170FB483008A9DAA /* ErrorKit.strings in Resources */,
			);
			runOnlyForDeploymentPostprocessing = 0;
		};
/* End PBXResourcesBuildPhase section */

/* Begin PBXSourcesBuildPhase section */
		84DB842916C802F3000BF23E /* Sources */ = {
			isa = PBXSourcesBuildPhase;
			buildActionMask = 2147483647;
			files = (
				84DB843D16C802F3000BF23E /* main.m in Sources */,
				84DB844116C802F4000BF23E /* MRAppDelegate.m in Sources */,
				84DB844A16C802F4000BF23E /* MRViewController.m in Sources */,
				84DB846E16C8048E000BF23E /* MRErrorBuilder.m in Sources */,
				84DB846F16C8048E000BF23E /* MRErrorFormatter.m in Sources */,
				84DB847016C8048E000BF23E /* NSError+ErrorKit.m in Sources */,
				84DB847116C8048E000BF23E /* UIAlertView+ErrorKit.m in Sources */,
				84EB27E316EAD98700F98BD0 /* MRAlertRecoveryAttempter.m in Sources */,
				84EB27E416EAD98700F98BD0 /* MRBlockRecoveryAttempter.m in Sources */,
				84EB27E516EAD98700F98BD0 /* MRAbstractRecoveryAttempter.m in Sources */,
				84EB27E616EAD98700F98BD0 /* UIResponder+ErrorKit.m in Sources */,
				84DCF7C916EC0CFF00F50750 /* MRErrorFormatter+ErrorCode.m in Sources */,
				84F2FFA41724A9E30030D957 /* MRErrorBuilder+NSException.m in Sources */,
				84EB6BA2173176C5002AECC2 /* MRChainedRecoveryAttempter.m in Sources */,
			);
			runOnlyForDeploymentPostprocessing = 0;
		};
/* End PBXSourcesBuildPhase section */

/* Begin PBXVariantGroup section */
		84DB843916C802F3000BF23E /* InfoPlist.strings */ = {
			isa = PBXVariantGroup;
			children = (
				84DB843A16C802F3000BF23E /* en */,
				84DB847516C8242E000BF23E /* ca */,
				84DB847616C82432000BF23E /* es */,
			);
			name = InfoPlist.strings;
			sourceTree = "<group>";
		};
		84FA2663170FB483008A9DAA /* ErrorKit.strings */ = {
			isa = PBXVariantGroup;
			children = (
				84FA2664170FB483008A9DAA /* en */,
				84FA2666170FB48D008A9DAA /* es */,
				84FA2667170FB495008A9DAA /* ca */,
			);
			name = ErrorKit.strings;
			sourceTree = "<group>";
		};
/* End PBXVariantGroup section */

/* Begin XCBuildConfiguration section */
		84DB844E16C802F4000BF23E /* Debug */ = {
			isa = XCBuildConfiguration;
			buildSettings = {
				ALWAYS_SEARCH_USER_PATHS = NO;
				CLANG_CXX_LANGUAGE_STANDARD = "gnu++0x";
				CLANG_CXX_LIBRARY = "libc++";
				CLANG_ENABLE_OBJC_ARC = YES;
				CLANG_WARN_CONSTANT_CONVERSION = YES;
				CLANG_WARN_EMPTY_BODY = YES;
				CLANG_WARN_ENUM_CONVERSION = YES;
				CLANG_WARN_INT_CONVERSION = YES;
				CLANG_WARN__DUPLICATE_METHOD_MATCH = YES;
				"CODE_SIGN_IDENTITY[sdk=iphoneos*]" = "iPhone Developer";
				COPY_PHASE_STRIP = NO;
				GCC_C_LANGUAGE_STANDARD = gnu99;
				GCC_DYNAMIC_NO_PIC = NO;
				GCC_OPTIMIZATION_LEVEL = 0;
				GCC_PREPROCESSOR_DEFINITIONS = (
					"DEBUG=1",
					"$(inherited)",
				);
				GCC_SYMBOLS_PRIVATE_EXTERN = NO;
				GCC_WARN_ABOUT_RETURN_TYPE = YES;
				GCC_WARN_UNINITIALIZED_AUTOS = YES;
				GCC_WARN_UNUSED_VARIABLE = YES;
				IPHONEOS_DEPLOYMENT_TARGET = 5.0;
				ONLY_ACTIVE_ARCH = YES;
				SDKROOT = iphoneos;
			};
			name = Debug;
		};
		84DB844F16C802F4000BF23E /* Release */ = {
			isa = XCBuildConfiguration;
			buildSettings = {
				ALWAYS_SEARCH_USER_PATHS = NO;
				CLANG_CXX_LANGUAGE_STANDARD = "gnu++0x";
				CLANG_CXX_LIBRARY = "libc++";
				CLANG_ENABLE_OBJC_ARC = YES;
				CLANG_WARN_CONSTANT_CONVERSION = YES;
				CLANG_WARN_EMPTY_BODY = YES;
				CLANG_WARN_ENUM_CONVERSION = YES;
				CLANG_WARN_INT_CONVERSION = YES;
				CLANG_WARN__DUPLICATE_METHOD_MATCH = YES;
				"CODE_SIGN_IDENTITY[sdk=iphoneos*]" = "iPhone Developer";
				COPY_PHASE_STRIP = YES;
				GCC_C_LANGUAGE_STANDARD = gnu99;
				GCC_WARN_ABOUT_RETURN_TYPE = YES;
				GCC_WARN_UNINITIALIZED_AUTOS = YES;
				GCC_WARN_UNUSED_VARIABLE = YES;
				IPHONEOS_DEPLOYMENT_TARGET = 5.0;
				OTHER_CFLAGS = "-DNS_BLOCK_ASSERTIONS=1";
				SDKROOT = iphoneos;
				VALIDATE_PRODUCT = YES;
			};
			name = Release;
		};
		84DB845116C802F4000BF23E /* Debug */ = {
			isa = XCBuildConfiguration;
			buildSettings = {
				GCC_PRECOMPILE_PREFIX_HEADER = YES;
				GCC_PREFIX_HEADER = "ErrorKit-Example/ErrorKit-Example-Prefix.pch";
				INFOPLIST_FILE = "ErrorKit-Example/ErrorKit-Example-Info.plist";
				IPHONEOS_DEPLOYMENT_TARGET = 5.0;
				OTHER_LDFLAGS = "";
				PRODUCT_NAME = "$(TARGET_NAME)";
				WRAPPER_EXTENSION = app;
			};
			name = Debug;
		};
		84DB845216C802F4000BF23E /* Release */ = {
			isa = XCBuildConfiguration;
			buildSettings = {
				GCC_PRECOMPILE_PREFIX_HEADER = YES;
				GCC_PREFIX_HEADER = "ErrorKit-Example/ErrorKit-Example-Prefix.pch";
				INFOPLIST_FILE = "ErrorKit-Example/ErrorKit-Example-Info.plist";
				IPHONEOS_DEPLOYMENT_TARGET = 5.0;
				PRODUCT_NAME = "$(TARGET_NAME)";
				WRAPPER_EXTENSION = app;
			};
			name = Release;
		};
/* End XCBuildConfiguration section */

/* Begin XCConfigurationList section */
		84DB842816C802F3000BF23E /* Build configuration list for PBXProject "ErrorKit-Example" */ = {
			isa = XCConfigurationList;
			buildConfigurations = (
				84DB844E16C802F4000BF23E /* Debug */,
				84DB844F16C802F4000BF23E /* Release */,
			);
			defaultConfigurationIsVisible = 0;
			defaultConfigurationName = Release;
		};
		84DB845016C802F4000BF23E /* Build configuration list for PBXNativeTarget "ErrorKit-Example" */ = {
			isa = XCConfigurationList;
			buildConfigurations = (
				84DB845116C802F4000BF23E /* Debug */,
				84DB845216C802F4000BF23E /* Release */,
			);
			defaultConfigurationIsVisible = 0;
			defaultConfigurationName = Release;
		};
/* End XCConfigurationList section */
	};
	rootObject = 84DB842516C802F3000BF23E /* Project object */;
}
